// !$*UTF8*$!
{
	archiveVersion = 1;
	classes = {
	};
	objectVersion = 46;
	objects = {

/* Begin PBXBuildFile section */
		3AABB5091AC75D40001BF8C5 /* Foundation.framework in Frameworks */ = {isa = PBXBuildFile; fileRef = 3AABB5081AC75D40001BF8C5 /* Foundation.framework */; };
		3AABB50B1AC75D40001BF8C5 /* CoreGraphics.framework in Frameworks */ = {isa = PBXBuildFile; fileRef = 3AABB50A1AC75D40001BF8C5 /* CoreGraphics.framework */; };
		3AABB50D1AC75D40001BF8C5 /* UIKit.framework in Frameworks */ = {isa = PBXBuildFile; fileRef = 3AABB50C1AC75D40001BF8C5 /* UIKit.framework */; };
		3AABB5131AC75D40001BF8C5 /* InfoPlist.strings in Resources */ = {isa = PBXBuildFile; fileRef = 3AABB5111AC75D40001BF8C5 /* InfoPlist.strings */; };
		3AABB5151AC75D40001BF8C5 /* main.m in Sources */ = {isa = PBXBuildFile; fileRef = 3AABB5141AC75D40001BF8C5 /* main.m */; };
		3AABB5191AC75D40001BF8C5 /* AppDelegate.m in Sources */ = {isa = PBXBuildFile; fileRef = 3AABB5181AC75D40001BF8C5 /* AppDelegate.m */; };
		3AABB51C1AC75D40001BF8C5 /* Main_iPhone.storyboard in Resources */ = {isa = PBXBuildFile; fileRef = 3AABB51A1AC75D40001BF8C5 /* Main_iPhone.storyboard */; };
		3AABB51F1AC75D40001BF8C5 /* Main_iPad.storyboard in Resources */ = {isa = PBXBuildFile; fileRef = 3AABB51D1AC75D40001BF8C5 /* Main_iPad.storyboard */; };
		3AABB5221AC75D40001BF8C5 /* FirstViewController.m in Sources */ = {isa = PBXBuildFile; fileRef = 3AABB5211AC75D40001BF8C5 /* FirstViewController.m */; };
		3AABB5251AC75D40001BF8C5 /* SecondViewController.m in Sources */ = {isa = PBXBuildFile; fileRef = 3AABB5241AC75D40001BF8C5 /* SecondViewController.m */; };
		3AABB5271AC75D40001BF8C5 /* Images.xcassets in Resources */ = {isa = PBXBuildFile; fileRef = 3AABB5261AC75D40001BF8C5 /* Images.xcassets */; };
		3AABB52E1AC75D40001BF8C5 /* XCTest.framework in Frameworks */ = {isa = PBXBuildFile; fileRef = 3AABB52D1AC75D40001BF8C5 /* XCTest.framework */; };
		3AABB52F1AC75D40001BF8C5 /* Foundation.framework in Frameworks */ = {isa = PBXBuildFile; fileRef = 3AABB5081AC75D40001BF8C5 /* Foundation.framework */; };
		3AABB5301AC75D40001BF8C5 /* UIKit.framework in Frameworks */ = {isa = PBXBuildFile; fileRef = 3AABB50C1AC75D40001BF8C5 /* UIKit.framework */; };
		3AABB5381AC75D40001BF8C5 /* InfoPlist.strings in Resources */ = {isa = PBXBuildFile; fileRef = 3AABB5361AC75D40001BF8C5 /* InfoPlist.strings */; };
		3AABB53A1AC75D40001BF8C5 /* workoutTests.m in Sources */ = {isa = PBXBuildFile; fileRef = 3AABB5391AC75D40001BF8C5 /* workoutTests.m */; };
/* End PBXBuildFile section */

/* Begin PBXContainerItemProxy section */
		3AABB5311AC75D40001BF8C5 /* PBXContainerItemProxy */ = {
			isa = PBXContainerItemProxy;
			containerPortal = 3AABB4FD1AC75D40001BF8C5 /* Project object */;
			proxyType = 1;
			remoteGlobalIDString = 3AABB5041AC75D40001BF8C5;
			remoteInfo = workout;
		};
/* End PBXContainerItemProxy section */

/* Begin PBXFileReference section */
		3AABB5051AC75D40001BF8C5 /* workout.app */ = {isa = PBXFileReference; explicitFileType = wrapper.application; includeInIndex = 0; path = workout.app; sourceTree = BUILT_PRODUCTS_DIR; };
		3AABB5081AC75D40001BF8C5 /* Foundation.framework */ = {isa = PBXFileReference; lastKnownFileType = wrapper.framework; name = Foundation.framework; path = System/Library/Frameworks/Foundation.framework; sourceTree = SDKROOT; };
		3AABB50A1AC75D40001BF8C5 /* CoreGraphics.framework */ = {isa = PBXFileReference; lastKnownFileType = wrapper.framework; name = CoreGraphics.framework; path = System/Library/Frameworks/CoreGraphics.framework; sourceTree = SDKROOT; };
		3AABB50C1AC75D40001BF8C5 /* UIKit.framework */ = {isa = PBXFileReference; lastKnownFileType = wrapper.framework; name = UIKit.framework; path = System/Library/Frameworks/UIKit.framework; sourceTree = SDKROOT; };
		3AABB5101AC75D40001BF8C5 /* workout-Info.plist */ = {isa = PBXFileReference; lastKnownFileType = text.plist.xml; path = "workout-Info.plist"; sourceTree = "<group>"; };
		3AABB5121AC75D40001BF8C5 /* en */ = {isa = PBXFileReference; lastKnownFileType = text.plist.strings; name = en; path = en.lproj/InfoPlist.strings; sourceTree = "<group>"; };
		3AABB5141AC75D40001BF8C5 /* main.m */ = {isa = PBXFileReference; lastKnownFileType = sourcecode.c.objc; path = main.m; sourceTree = "<group>"; };
		3AABB5161AC75D40001BF8C5 /* workout-Prefix.pch */ = {isa = PBXFileReference; lastKnownFileType = sourcecode.c.h; path = "workout-Prefix.pch"; sourceTree = "<group>"; };
		3AABB5171AC75D40001BF8C5 /* AppDelegate.h */ = {isa = PBXFileReference; lastKnownFileType = sourcecode.c.h; path = AppDelegate.h; sourceTree = "<group>"; };
		3AABB5181AC75D40001BF8C5 /* AppDelegate.m */ = {isa = PBXFileReference; lastKnownFileType = sourcecode.c.objc; path = AppDelegate.m; sourceTree = "<group>"; };
		3AABB51B1AC75D40001BF8C5 /* Base */ = {isa = PBXFileReference; lastKnownFileType = file.storyboard; name = Base; path = Base.lproj/Main_iPhone.storyboard; sourceTree = "<group>"; };
		3AABB51E1AC75D40001BF8C5 /* Base */ = {isa = PBXFileReference; lastKnownFileType = file.storyboard; name = Base; path = Base.lproj/Main_iPad.storyboard; sourceTree = "<group>"; };
		3AABB5201AC75D40001BF8C5 /* FirstViewController.h */ = {isa = PBXFileReference; lastKnownFileType = sourcecode.c.h; path = FirstViewController.h; sourceTree = "<group>"; };
		3AABB5211AC75D40001BF8C5 /* FirstViewController.m */ = {isa = PBXFileReference; lastKnownFileType = sourcecode.c.objc; path = FirstViewController.m; sourceTree = "<group>"; };
		3AABB5231AC75D40001BF8C5 /* SecondViewController.h */ = {isa = PBXFileReference; lastKnownFileType = sourcecode.c.h; path = SecondViewController.h; sourceTree = "<group>"; };
		3AABB5241AC75D40001BF8C5 /* SecondViewController.m */ = {isa = PBXFileReference; lastKnownFileType = sourcecode.c.objc; path = SecondViewController.m; sourceTree = "<group>"; };
		3AABB5261AC75D40001BF8C5 /* Images.xcassets */ = {isa = PBXFileReference; lastKnownFileType = folder.assetcatalog; path = Images.xcassets; sourceTree = "<group>"; };
		3AABB52C1AC75D40001BF8C5 /* workoutTests.xctest */ = {isa = PBXFileReference; explicitFileType = wrapper.cfbundle; includeInIndex = 0; path = workoutTests.xctest; sourceTree = BUILT_PRODUCTS_DIR; };
		3AABB52D1AC75D40001BF8C5 /* XCTest.framework */ = {isa = PBXFileReference; lastKnownFileType = wrapper.framework; name = XCTest.framework; path = Library/Frameworks/XCTest.framework; sourceTree = DEVELOPER_DIR; };
		3AABB5351AC75D40001BF8C5 /* workoutTests-Info.plist */ = {isa = PBXFileReference; lastKnownFileType = text.plist.xml; path = "workoutTests-Info.plist"; sourceTree = "<group>"; };
		3AABB5371AC75D40001BF8C5 /* en */ = {isa = PBXFileReference; lastKnownFileType = text.plist.strings; name = en; path = en.lproj/InfoPlist.strings; sourceTree = "<group>"; };
		3AABB5391AC75D40001BF8C5 /* workoutTests.m */ = {isa = PBXFileReference; lastKnownFileType = sourcecode.c.objc; path = workoutTests.m; sourceTree = "<group>"; };
/* End PBXFileReference section */

/* Begin PBXFrameworksBuildPhase section */
		3AABB5021AC75D40001BF8C5 /* Frameworks */ = {
			isa = PBXFrameworksBuildPhase;
			buildActionMask = 2147483647;
			files = (
				3AABB50B1AC75D40001BF8C5 /* CoreGraphics.framework in Frameworks */,
				3AABB50D1AC75D40001BF8C5 /* UIKit.framework in Frameworks */,
				3AABB5091AC75D40001BF8C5 /* Foundation.framework in Frameworks */,
			);
			runOnlyForDeploymentPostprocessing = 0;
		};
		3AABB5291AC75D40001BF8C5 /* Frameworks */ = {
			isa = PBXFrameworksBuildPhase;
			buildActionMask = 2147483647;
			files = (
				3AABB52E1AC75D40001BF8C5 /* XCTest.framework in Frameworks */,
				3AABB5301AC75D40001BF8C5 /* UIKit.framework in Frameworks */,
				3AABB52F1AC75D40001BF8C5 /* Foundation.framework in Frameworks */,
			);
			runOnlyForDeploymentPostprocessing = 0;
		};
/* End PBXFrameworksBuildPhase section */

/* Begin PBXGroup section */
		3AABB4FC1AC75D40001BF8C5 = {
			isa = PBXGroup;
			children = (
				3AABB50E1AC75D40001BF8C5 /* workout */,
				3AABB5331AC75D40001BF8C5 /* workoutTests */,
				3AABB5071AC75D40001BF8C5 /* Frameworks */,
				3AABB5061AC75D40001BF8C5 /* Products */,
			);
			sourceTree = "<group>";
		};
		3AABB5061AC75D40001BF8C5 /* Products */ = {
			isa = PBXGroup;
			children = (
				3AABB5051AC75D40001BF8C5 /* workout.app */,
				3AABB52C1AC75D40001BF8C5 /* workoutTests.xctest */,
			);
			name = Products;
			sourceTree = "<group>";
		};
		3AABB5071AC75D40001BF8C5 /* Frameworks */ = {
			isa = PBXGroup;
			children = (
				3AABB5081AC75D40001BF8C5 /* Foundation.framework */,
				3AABB50A1AC75D40001BF8C5 /* CoreGraphics.framework */,
				3AABB50C1AC75D40001BF8C5 /* UIKit.framework */,
				3AABB52D1AC75D40001BF8C5 /* XCTest.framework */,
			);
			name = Frameworks;
			sourceTree = "<group>";
		};
		3AABB50E1AC75D40001BF8C5 /* workout */ = {
			isa = PBXGroup;
			children = (
				3AABB5171AC75D40001BF8C5 /* AppDelegate.h */,
				3AABB5181AC75D40001BF8C5 /* AppDelegate.m */,
				3AABB51A1AC75D40001BF8C5 /* Main_iPhone.storyboard */,
				3AABB51D1AC75D40001BF8C5 /* Main_iPad.storyboard */,
				3AABB5201AC75D40001BF8C5 /* FirstViewController.h */,
				3AABB5211AC75D40001BF8C5 /* FirstViewController.m */,
				3AABB5231AC75D40001BF8C5 /* SecondViewController.h */,
				3AABB5241AC75D40001BF8C5 /* SecondViewController.m */,
				3AABB5261AC75D40001BF8C5 /* Images.xcassets */,
				3AABB50F1AC75D40001BF8C5 /* Supporting Files */,
			);
			path = workout;
			sourceTree = "<group>";
		};
		3AABB50F1AC75D40001BF8C5 /* Supporting Files */ = {
			isa = PBXGroup;
			children = (
				3AABB5101AC75D40001BF8C5 /* workout-Info.plist */,
				3AABB5111AC75D40001BF8C5 /* InfoPlist.strings */,
				3AABB5141AC75D40001BF8C5 /* main.m */,
				3AABB5161AC75D40001BF8C5 /* workout-Prefix.pch */,
			);
			name = "Supporting Files";
			sourceTree = "<group>";
		};
		3AABB5331AC75D40001BF8C5 /* workoutTests */ = {
			isa = PBXGroup;
			children = (
				3AABB5391AC75D40001BF8C5 /* workoutTests.m */,
				3AABB5341AC75D40001BF8C5 /* Supporting Files */,
			);
			path = workoutTests;
			sourceTree = "<group>";
		};
		3AABB5341AC75D40001BF8C5 /* Supporting Files */ = {
			isa = PBXGroup;
			children = (
				3AABB5351AC75D40001BF8C5 /* workoutTests-Info.plist */,
				3AABB5361AC75D40001BF8C5 /* InfoPlist.strings */,
			);
			name = "Supporting Files";
			sourceTree = "<group>";
		};
/* End PBXGroup section */

/* Begin PBXNativeTarget section */
		3AABB5041AC75D40001BF8C5 /* workout */ = {
			isa = PBXNativeTarget;
			buildConfigurationList = 3AABB53D1AC75D40001BF8C5 /* Build configuration list for PBXNativeTarget "workout" */;
			buildPhases = (
				3AABB5011AC75D40001BF8C5 /* Sources */,
				3AABB5021AC75D40001BF8C5 /* Frameworks */,
				3AABB5031AC75D40001BF8C5 /* Resources */,
			);
			buildRules = (
			);
			dependencies = (
			);
			name = workout;
			productName = workout;
			productReference = 3AABB5051AC75D40001BF8C5 /* workout.app */;
			productType = "com.apple.product-type.application";
		};
		3AABB52B1AC75D40001BF8C5 /* workoutTests */ = {
			isa = PBXNativeTarget;
			buildConfigurationList = 3AABB5401AC75D40001BF8C5 /* Build configuration list for PBXNativeTarget "workoutTests" */;
			buildPhases = (
				3AABB5281AC75D40001BF8C5 /* Sources */,
				3AABB5291AC75D40001BF8C5 /* Frameworks */,
				3AABB52A1AC75D40001BF8C5 /* Resources */,
			);
			buildRules = (
			);
			dependencies = (
				3AABB5321AC75D40001BF8C5 /* PBXTargetDependency */,
			);
			name = workoutTests;
			productName = workoutTests;
			productReference = 3AABB52C1AC75D40001BF8C5 /* workoutTests.xctest */;
			productType = "com.apple.product-type.bundle.unit-test";
		};
/* End PBXNativeTarget section */

/* Begin PBXProject section */
		3AABB4FD1AC75D40001BF8C5 /* Project object */ = {
			isa = PBXProject;
			attributes = {
				LastUpgradeCheck = 0510;
				ORGANIZATIONNAME = "___FULLUSERNAME___";
				TargetAttributes = {
					3AABB52B1AC75D40001BF8C5 = {
						TestTargetID = 3AABB5041AC75D40001BF8C5;
					};
				};
			};
			buildConfigurationList = 3AABB5001AC75D40001BF8C5 /* Build configuration list for PBXProject "workout" */;
			compatibilityVersion = "Xcode 3.2";
			developmentRegion = English;
			hasScannedForEncodings = 0;
			knownRegions = (
				en,
				Base,
			);
			mainGroup = 3AABB4FC1AC75D40001BF8C5;
			productRefGroup = 3AABB5061AC75D40001BF8C5 /* Products */;
			projectDirPath = "";
			projectRoot = "";
			targets = (
				3AABB5041AC75D40001BF8C5 /* workout */,
				3AABB52B1AC75D40001BF8C5 /* workoutTests */,
			);
		};
/* End PBXProject section */

/* Begin PBXResourcesBuildPhase section */
		3AABB5031AC75D40001BF8C5 /* Resources */ = {
			isa = PBXResourcesBuildPhase;
			buildActionMask = 2147483647;
			files = (
				3AABB51F1AC75D40001BF8C5 /* Main_iPad.storyboard in Resources */,
				3AABB5271AC75D40001BF8C5 /* Images.xcassets in Resources */,
				3AABB51C1AC75D40001BF8C5 /* Main_iPhone.storyboard in Resources */,
				3AABB5131AC75D40001BF8C5 /* InfoPlist.strings in Resources */,
			);
			runOnlyForDeploymentPostprocessing = 0;
		};
		3AABB52A1AC75D40001BF8C5 /* Resources */ = {
			isa = PBXResourcesBuildPhase;
			buildActionMask = 2147483647;
			files = (
				3AABB5381AC75D40001BF8C5 /* InfoPlist.strings in Resources */,
			);
			runOnlyForDeploymentPostprocessing = 0;
		};
/* End PBXResourcesBuildPhase section */

/* Begin PBXSourcesBuildPhase section */
		3AABB5011AC75D40001BF8C5 /* Sources */ = {
			isa = PBXSourcesBuildPhase;
			buildActionMask = 2147483647;
			files = (
				3AABB5251AC75D40001BF8C5 /* SecondViewController.m in Sources */,
				3AABB5191AC75D40001BF8C5 /* AppDelegate.m in Sources */,
				3AABB5221AC75D40001BF8C5 /* FirstViewController.m in Sources */,
				3AABB5151AC75D40001BF8C5 /* main.m in Sources */,
			);
			runOnlyForDeploymentPostprocessing = 0;
		};
		3AABB5281AC75D40001BF8C5 /* Sources */ = {
			isa = PBXSourcesBuildPhase;
			buildActionMask = 2147483647;
			files = (
				3AABB53A1AC75D40001BF8C5 /* workoutTests.m in Sources */,
			);
			runOnlyForDeploymentPostprocessing = 0;
		};
/* End PBXSourcesBuildPhase section */

/* Begin PBXTargetDependency section */
		3AABB5321AC75D40001BF8C5 /* PBXTargetDependency */ = {
			isa = PBXTargetDependency;
			target = 3AABB5041AC75D40001BF8C5 /* workout */;
			targetProxy = 3AABB5311AC75D40001BF8C5 /* PBXContainerItemProxy */;
		};
/* End PBXTargetDependency section */

/* Begin PBXVariantGroup section */
		3AABB5111AC75D40001BF8C5 /* InfoPlist.strings */ = {
			isa = PBXVariantGroup;
			children = (
				3AABB5121AC75D40001BF8C5 /* en */,
			);
			name = InfoPlist.strings;
			sourceTree = "<group>";
		};
		3AABB51A1AC75D40001BF8C5 /* Main_iPhone.storyboard */ = {
			isa = PBXVariantGroup;
			children = (
				3AABB51B1AC75D40001BF8C5 /* Base */,
			);
			name = Main_iPhone.storyboard;
			sourceTree = "<group>";
		};
		3AABB51D1AC75D40001BF8C5 /* Main_iPad.storyboard */ = {
			isa = PBXVariantGroup;
			children = (
				3AABB51E1AC75D40001BF8C5 /* Base */,
			);
			name = Main_iPad.storyboard;
			sourceTree = "<group>";
		};
		3AABB5361AC75D40001BF8C5 /* InfoPlist.strings */ = {
			isa = PBXVariantGroup;
			children = (
				3AABB5371AC75D40001BF8C5 /* en */,
			);
			name = InfoPlist.strings;
			sourceTree = "<group>";
		};
/* End PBXVariantGroup section */

/* Begin XCBuildConfiguration section */
		3AABB53B1AC75D40001BF8C5 /* Debug */ = {
			isa = XCBuildConfiguration;
			buildSettings = {
				ALWAYS_SEARCH_USER_PATHS = NO;
				CLANG_CXX_LANGUAGE_STANDARD = "gnu++0x";
				CLANG_CXX_LIBRARY = "libc++";
				CLANG_ENABLE_MODULES = YES;
				CLANG_ENABLE_OBJC_ARC = YES;
				CLANG_WARN_BOOL_CONVERSION = YES;
				CLANG_WARN_CONSTANT_CONVERSION = YES;
				CLANG_WARN_DIRECT_OBJC_ISA_USAGE = YES_ERROR;
				CLANG_WARN_EMPTY_BODY = YES;
				CLANG_WARN_ENUM_CONVERSION = YES;
				CLANG_WARN_INT_CONVERSION = YES;
				CLANG_WARN_OBJC_ROOT_CLASS = YES_ERROR;
				CLANG_WARN__DUPLICATE_METHOD_MATCH = YES;
				"CODE_SIGN_IDENTITY[sdk=iphoneos*]" = "iPhone Developer";
				COPY_PHASE_STRIP = NO;
				GCC_C_LANGUAGE_STANDARD = gnu99;
				GCC_DYNAMIC_NO_PIC = NO;
				GCC_OPTIMIZATION_LEVEL = 0;
				GCC_PREPROCESSOR_DEFINITIONS = (
					"DEBUG=1",
					"$(inherited)",
				);
				GCC_SYMBOLS_PRIVATE_EXTERN = NO;
				GCC_WARN_64_TO_32_BIT_CONVERSION = YES;
				GCC_WARN_ABOUT_RETURN_TYPE = YES_ERROR;
				GCC_WARN_UNDECLARED_SELECTOR = YES;
				GCC_WARN_UNINITIALIZED_AUTOS = YES_AGGRESSIVE;
				GCC_WARN_UNUSED_FUNCTION = YES;
				GCC_WARN_UNUSED_VARIABLE = YES;
				IPHONEOS_DEPLOYMENT_TARGET = 7.1;
				ONLY_ACTIVE_ARCH = YES;
				SDKROOT = iphoneos;
				TARGETED_DEVICE_FAMILY = "1,2";
			};
			name = Debug;
		};
		3AABB53C1AC75D40001BF8C5 /* Release */ = {
			isa = XCBuildConfiguration;
			buildSettings = {
				ALWAYS_SEARCH_USER_PATHS = NO;
				CLANG_CXX_LANGUAGE_STANDARD = "gnu++0x";
				CLANG_CXX_LIBRARY = "libc++";
				CLANG_ENABLE_MODULES = YES;
				CLANG_ENABLE_OBJC_ARC = YES;
				CLANG_WARN_BOOL_CONVERSION = YES;
				CLANG_WARN_CONSTANT_CONVERSION = YES;
				CLANG_WARN_DIRECT_OBJC_ISA_USAGE = YES_ERROR;
				CLANG_WARN_EMPTY_BODY = YES;
				CLANG_WARN_ENUM_CONVERSION = YES;
				CLANG_WARN_INT_CONVERSION = YES;
				CLANG_WARN_OBJC_ROOT_CLASS = YES_ERROR;
				CLANG_WARN__DUPLICATE_METHOD_MATCH = YES;
				"CODE_SIGN_IDENTITY[sdk=iphoneos*]" = "iPhone Developer";
				COPY_PHASE_STRIP = YES;
				ENABLE_NS_ASSERTIONS = NO;
				GCC_C_LANGUAGE_STANDARD = gnu99;
				GCC_WARN_64_TO_32_BIT_CONVERSION = YES;
				GCC_WARN_ABOUT_RETURN_TYPE = YES_ERROR;
				GCC_WARN_UNDECLARED_SELECTOR = YES;
				GCC_WARN_UNINITIALIZED_AUTOS = YES_AGGRESSIVE;
				GCC_WARN_UNUSED_FUNCTION = YES;
				GCC_WARN_UNUSED_VARIABLE = YES;
				IPHONEOS_DEPLOYMENT_TARGET = 7.1;
				SDKROOT = iphoneos;
				TARGETED_DEVICE_FAMILY = "1,2";
				VALIDATE_PRODUCT = YES;
			};
			name = Release;
		};
		3AABB53E1AC75D40001BF8C5 /* Debug */ = {
			isa = XCBuildConfiguration;
			buildSettings = {
				ASSETCATALOG_COMPILER_APPICON_NAME = AppIcon;
				ASSETCATALOG_COMPILER_LAUNCHIMAGE_NAME = LaunchImage;
				GCC_PRECOMPILE_PREFIX_HEADER = YES;
				GCC_PREFIX_HEADER = "workout/workout-Prefix.pch";
				INFOPLIST_FILE = "workout/workout-Info.plist";
				PRODUCT_NAME = "$(TARGET_NAME)";
				WRAPPER_EXTENSION = app;
			};
			name = Debug;
		};
		3AABB53F1AC75D40001BF8C5 /* Release */ = {
			isa = XCBuildConfiguration;
			buildSettings = {
				ASSETCATALOG_COMPILER_APPICON_NAME = AppIcon;
				ASSETCATALOG_COMPILER_LAUNCHIMAGE_NAME = LaunchImage;
				GCC_PRECOMPILE_PREFIX_HEADER = YES;
				GCC_PREFIX_HEADER = "workout/workout-Prefix.pch";
				INFOPLIST_FILE = "workout/workout-Info.plist";
				PRODUCT_NAME = "$(TARGET_NAME)";
				WRAPPER_EXTENSION = app;
			};
			name = Release;
		};
		3AABB5411AC75D40001BF8C5 /* Debug */ = {
			isa = XCBuildConfiguration;
			buildSettings = {
				BUNDLE_LOADER = "$(BUILT_PRODUCTS_DIR)/workout.app/workout";
				FRAMEWORK_SEARCH_PATHS = (
					"$(SDKROOT)/Developer/Library/Frameworks",
					"$(inherited)",
					"$(DEVELOPER_FRAMEWORKS_DIR)",
				);
				GCC_PRECOMPILE_PREFIX_HEADER = YES;
				GCC_PREFIX_HEADER = "workout/workout-Prefix.pch";
				GCC_PREPROCESSOR_DEFINITIONS = (
					"DEBUG=1",
					"$(inherited)",
				);
				INFOPLIST_FILE = "workoutTests/workoutTests-Info.plist";
				PRODUCT_NAME = "$(TARGET_NAME)";
				TEST_HOST = "$(BUNDLE_LOADER)";
				WRAPPER_EXTENSION = xctest;
			};
			name = Debug;
		};
		3AABB5421AC75D40001BF8C5 /* Release */ = {
			isa = XCBuildConfiguration;
			buildSettings = {
				BUNDLE_LOADER = "$(BUILT_PRODUCTS_DIR)/workout.app/workout";
				FRAMEWORK_SEARCH_PATHS = (
					"$(SDKROOT)/Developer/Library/Frameworks",
					"$(inherited)",
					"$(DEVELOPER_FRAMEWORKS_DIR)",
				);
				GCC_PRECOMPILE_PREFIX_HEADER = YES;
				GCC_PREFIX_HEADER = "workout/workout-Prefix.pch";
				INFOPLIST_FILE = "workoutTests/workoutTests-Info.plist";
				PRODUCT_NAME = "$(TARGET_NAME)";
				TEST_HOST = "$(BUNDLE_LOADER)";
				WRAPPER_EXTENSION = xctest;
			};
			name = Release;
		};
/* End XCBuildConfiguration section */

/* Begin XCConfigurationList section */
		3AABB5001AC75D40001BF8C5 /* Build configuration list for PBXProject "workout" */ = {
			isa = XCConfigurationList;
			buildConfigurations = (
				3AABB53B1AC75D40001BF8C5 /* Debug */,
				3AABB53C1AC75D40001BF8C5 /* Release */,
			);
			defaultConfigurationIsVisible = 0;
			defaultConfigurationName = Release;
		};
		3AABB53D1AC75D40001BF8C5 /* Build configuration list for PBXNativeTarget "workout" */ = {
			isa = XCConfigurationList;
			buildConfigurations = (
				3AABB53E1AC75D40001BF8C5 /* Debug */,
				3AABB53F1AC75D40001BF8C5 /* Release */,
			);
			defaultConfigurationIsVisible = 0;
		};
		3AABB5401AC75D40001BF8C5 /* Build configuration list for PBXNativeTarget "workoutTests" */ = {
			isa = XCConfigurationList;
			buildConfigurations = (
				3AABB5411AC75D40001BF8C5 /* Debug */,
				3AABB5421AC75D40001BF8C5 /* Release */,
			);
			defaultConfigurationIsVisible = 0;
		};
/* End XCConfigurationList section */
	};
	rootObject = 3AABB4FD1AC75D40001BF8C5 /* Project object */;
}
