// !$*UTF8*$!
{
	archiveVersion = 1;
	classes = {
	};
	objectVersion = 46;
	objects = {

/* Begin PBXBuildFile section */
		3A03D8EB1AD702080001A0BE /* AddExerciseToRoutineController.m in Sources */ = {isa = PBXBuildFile; fileRef = 3A03D8EA1AD702080001A0BE /* AddExerciseToRoutineController.m */; };
		3A03D8F11AD72DCB0001A0BE /* ScheduleRoutineTableViewController.m in Sources */ = {isa = PBXBuildFile; fileRef = 3A03D8F01AD72DCB0001A0BE /* ScheduleRoutineTableViewController.m */; };
		3A03D8F41AD73E400001A0BE /* RoutineExerciseDetailViewController.m in Sources */ = {isa = PBXBuildFile; fileRef = 3A03D8F31AD73E400001A0BE /* RoutineExerciseDetailViewController.m */; };
		3A91D0531ACF5D4200F5ACC0 /* AddExercise3ViewController.m in Sources */ = {isa = PBXBuildFile; fileRef = 3A91D0521ACF5D4200F5ACC0 /* AddExercise3ViewController.m */; };
		3A944F6C1AD1C3150048B616 /* Routine.m in Sources */ = {isa = PBXBuildFile; fileRef = 3A944F6B1AD1C3150048B616 /* Routine.m */; };
		3A944F6F1AD1C3490048B616 /* Exercise.m in Sources */ = {isa = PBXBuildFile; fileRef = 3A944F6E1AD1C3490048B616 /* Exercise.m */; };
		3A944F721AD1CA7D0048B616 /* RoutineTableViewController.m in Sources */ = {isa = PBXBuildFile; fileRef = 3A944F711AD1CA7D0048B616 /* RoutineTableViewController.m */; };
		3A944F751AD1E7A20048B616 /* RoutineExerciseTableViewController.m in Sources */ = {isa = PBXBuildFile; fileRef = 3A944F741AD1E7A20048B616 /* RoutineExerciseTableViewController.m */; };
		3A9A32911ACE3064006F742D /* CoreData.framework in Frameworks */ = {isa = PBXBuildFile; fileRef = 3A9A32901ACE3064006F742D /* CoreData.framework */; };
		3A9B07C11ACB67C7007DC9C0 /* Model.xcdatamodeld in Sources */ = {isa = PBXBuildFile; fileRef = 3A9B07BF1ACB67C7007DC9C0 /* Model.xcdatamodeld */; };
		3A9BDBB51ACF2A3A001B1760 /* AddExerciseController.m in Sources */ = {isa = PBXBuildFile; fileRef = 3A9BDBB41ACF2A3A001B1760 /* AddExerciseController.m */; };
		3A9BDBBB1ACF39DF001B1760 /* AddExercise2ViewController.m in Sources */ = {isa = PBXBuildFile; fileRef = 3A9BDBBA1ACF39DF001B1760 /* AddExercise2ViewController.m */; };
		3A9DE15E1AD09C4600018775 /* DetailViewController.m in Sources */ = {isa = PBXBuildFile; fileRef = 3A9DE15D1AD09C4600018775 /* DetailViewController.m */; };
		3AABB5091AC75D40001BF8C5 /* Foundation.framework in Frameworks */ = {isa = PBXBuildFile; fileRef = 3AABB5081AC75D40001BF8C5 /* Foundation.framework */; };
		3AABB50B1AC75D40001BF8C5 /* CoreGraphics.framework in Frameworks */ = {isa = PBXBuildFile; fileRef = 3AABB50A1AC75D40001BF8C5 /* CoreGraphics.framework */; };
		3AABB50D1AC75D40001BF8C5 /* UIKit.framework in Frameworks */ = {isa = PBXBuildFile; fileRef = 3AABB50C1AC75D40001BF8C5 /* UIKit.framework */; };
		3AABB5131AC75D40001BF8C5 /* InfoPlist.strings in Resources */ = {isa = PBXBuildFile; fileRef = 3AABB5111AC75D40001BF8C5 /* InfoPlist.strings */; };
		3AABB5151AC75D40001BF8C5 /* main.m in Sources */ = {isa = PBXBuildFile; fileRef = 3AABB5141AC75D40001BF8C5 /* main.m */; };
		3AABB5191AC75D40001BF8C5 /* AppDelegate.m in Sources */ = {isa = PBXBuildFile; fileRef = 3AABB5181AC75D40001BF8C5 /* AppDelegate.m */; };
		3AABB51C1AC75D40001BF8C5 /* Main_iPhone.storyboard in Resources */ = {isa = PBXBuildFile; fileRef = 3AABB51A1AC75D40001BF8C5 /* Main_iPhone.storyboard */; };
		3AABB51F1AC75D40001BF8C5 /* Main_iPad.storyboard in Resources */ = {isa = PBXBuildFile; fileRef = 3AABB51D1AC75D40001BF8C5 /* Main_iPad.storyboard */; };
		3AABB5221AC75D40001BF8C5 /* CalendarViewController.m in Sources */ = {isa = PBXBuildFile; fileRef = 3AABB5211AC75D40001BF8C5 /* CalendarViewController.m */; };
		3AABB5251AC75D40001BF8C5 /* AddRoutineViewController.m in Sources */ = {isa = PBXBuildFile; fileRef = 3AABB5241AC75D40001BF8C5 /* AddRoutineViewController.m */; };
		3AABB5271AC75D40001BF8C5 /* Images.xcassets in Resources */ = {isa = PBXBuildFile; fileRef = 3AABB5261AC75D40001BF8C5 /* Images.xcassets */; };
		3AABB52E1AC75D40001BF8C5 /* XCTest.framework in Frameworks */ = {isa = PBXBuildFile; fileRef = 3AABB52D1AC75D40001BF8C5 /* XCTest.framework */; };
		3AABB52F1AC75D40001BF8C5 /* Foundation.framework in Frameworks */ = {isa = PBXBuildFile; fileRef = 3AABB5081AC75D40001BF8C5 /* Foundation.framework */; };
		3AABB5301AC75D40001BF8C5 /* UIKit.framework in Frameworks */ = {isa = PBXBuildFile; fileRef = 3AABB50C1AC75D40001BF8C5 /* UIKit.framework */; };
		3AABB5381AC75D40001BF8C5 /* InfoPlist.strings in Resources */ = {isa = PBXBuildFile; fileRef = 3AABB5361AC75D40001BF8C5 /* InfoPlist.strings */; };
		3AABB53A1AC75D40001BF8C5 /* workoutTests.m in Sources */ = {isa = PBXBuildFile; fileRef = 3AABB5391AC75D40001BF8C5 /* workoutTests.m */; };
		3AABB5E51AC779DF001BF8C5 /* QuartzCore.framework in Frameworks */ = {isa = PBXBuildFile; fileRef = 3AABB5E41AC779DF001BF8C5 /* QuartzCore.framework */; };
		3AABB6B01AC77CA4001BF8C5 /* NSCalendar+Components.m in Sources */ = {isa = PBXBuildFile; fileRef = 3AABB67C1AC77CA4001BF8C5 /* NSCalendar+Components.m */; };
		3AABB6B11AC77CA4001BF8C5 /* NSCalendar+Components.m in Sources */ = {isa = PBXBuildFile; fileRef = 3AABB67C1AC77CA4001BF8C5 /* NSCalendar+Components.m */; };
		3AABB6B21AC77CA4001BF8C5 /* NSCalendar+DateComparison.m in Sources */ = {isa = PBXBuildFile; fileRef = 3AABB67E1AC77CA4001BF8C5 /* NSCalendar+DateComparison.m */; };
		3AABB6B31AC77CA4001BF8C5 /* NSCalendar+DateComparison.m in Sources */ = {isa = PBXBuildFile; fileRef = 3AABB67E1AC77CA4001BF8C5 /* NSCalendar+DateComparison.m */; };
		3AABB6B41AC77CA4001BF8C5 /* NSCalendar+DateManipulation.m in Sources */ = {isa = PBXBuildFile; fileRef = 3AABB6801AC77CA4001BF8C5 /* NSCalendar+DateManipulation.m */; };
		3AABB6B51AC77CA4001BF8C5 /* NSCalendar+DateManipulation.m in Sources */ = {isa = PBXBuildFile; fileRef = 3AABB6801AC77CA4001BF8C5 /* NSCalendar+DateManipulation.m */; };
		3AABB6B61AC77CA4001BF8C5 /* NSCalendar+Juncture.m in Sources */ = {isa = PBXBuildFile; fileRef = 3AABB6821AC77CA4001BF8C5 /* NSCalendar+Juncture.m */; };
		3AABB6B71AC77CA4001BF8C5 /* NSCalendar+Juncture.m in Sources */ = {isa = PBXBuildFile; fileRef = 3AABB6821AC77CA4001BF8C5 /* NSCalendar+Juncture.m */; };
		3AABB6B81AC77CA4001BF8C5 /* NSCalendar+Ranges.m in Sources */ = {isa = PBXBuildFile; fileRef = 3AABB6841AC77CA4001BF8C5 /* NSCalendar+Ranges.m */; };
		3AABB6B91AC77CA4001BF8C5 /* NSCalendar+Ranges.m in Sources */ = {isa = PBXBuildFile; fileRef = 3AABB6841AC77CA4001BF8C5 /* NSCalendar+Ranges.m */; };
		3AABB6BA1AC77CA4001BF8C5 /* NSDate+Components.m in Sources */ = {isa = PBXBuildFile; fileRef = 3AABB6881AC77CA4001BF8C5 /* NSDate+Components.m */; };
		3AABB6BB1AC77CA4001BF8C5 /* NSDate+Components.m in Sources */ = {isa = PBXBuildFile; fileRef = 3AABB6881AC77CA4001BF8C5 /* NSDate+Components.m */; };
		3AABB6BC1AC77CA4001BF8C5 /* NSDate+Description.m in Sources */ = {isa = PBXBuildFile; fileRef = 3AABB68A1AC77CA4001BF8C5 /* NSDate+Description.m */; };
		3AABB6BD1AC77CA4001BF8C5 /* NSDate+Description.m in Sources */ = {isa = PBXBuildFile; fileRef = 3AABB68A1AC77CA4001BF8C5 /* NSDate+Description.m */; };
		3AABB6BE1AC77CA4001BF8C5 /* NSDateComponents+AllComponents.m in Sources */ = {isa = PBXBuildFile; fileRef = 3AABB68C1AC77CA4001BF8C5 /* NSDateComponents+AllComponents.m */; };
		3AABB6BF1AC77CA4001BF8C5 /* NSDateComponents+AllComponents.m in Sources */ = {isa = PBXBuildFile; fileRef = 3AABB68C1AC77CA4001BF8C5 /* NSDateComponents+AllComponents.m */; };
		3AABB6C01AC77CA4001BF8C5 /* NSString+Color.m in Sources */ = {isa = PBXBuildFile; fileRef = 3AABB68E1AC77CA4001BF8C5 /* NSString+Color.m */; };
		3AABB6C11AC77CA4001BF8C5 /* NSString+Color.m in Sources */ = {isa = PBXBuildFile; fileRef = 3AABB68E1AC77CA4001BF8C5 /* NSString+Color.m */; };
		3AABB6C21AC77CA4001BF8C5 /* UIColor+HexString.m in Sources */ = {isa = PBXBuildFile; fileRef = 3AABB6911AC77CA4001BF8C5 /* UIColor+HexString.m */; };
		3AABB6C31AC77CA4001BF8C5 /* UIColor+HexString.m in Sources */ = {isa = PBXBuildFile; fileRef = 3AABB6911AC77CA4001BF8C5 /* UIColor+HexString.m */; };
		3AABB6C41AC77CA4001BF8C5 /* UIView+AnimatedFrame.m in Sources */ = {isa = PBXBuildFile; fileRef = 3AABB6941AC77CA4001BF8C5 /* UIView+AnimatedFrame.m */; };
		3AABB6C51AC77CA4001BF8C5 /* UIView+AnimatedFrame.m in Sources */ = {isa = PBXBuildFile; fileRef = 3AABB6941AC77CA4001BF8C5 /* UIView+AnimatedFrame.m */; };
		3AABB6C61AC77CA4001BF8C5 /* UIView+Border.m in Sources */ = {isa = PBXBuildFile; fileRef = 3AABB6961AC77CA4001BF8C5 /* UIView+Border.m */; };
		3AABB6C71AC77CA4001BF8C5 /* UIView+Border.m in Sources */ = {isa = PBXBuildFile; fileRef = 3AABB6961AC77CA4001BF8C5 /* UIView+Border.m */; };
		3AABB6C81AC77CA4001BF8C5 /* CKCalendarCell.m in Sources */ = {isa = PBXBuildFile; fileRef = 3AABB6991AC77CA4001BF8C5 /* CKCalendarCell.m */; };
		3AABB6C91AC77CA4001BF8C5 /* CKCalendarCell.m in Sources */ = {isa = PBXBuildFile; fileRef = 3AABB6991AC77CA4001BF8C5 /* CKCalendarCell.m */; };
		3AABB6CA1AC77CA4001BF8C5 /* CKCalendarEvent.m in Sources */ = {isa = PBXBuildFile; fileRef = 3AABB69B1AC77CA4001BF8C5 /* CKCalendarEvent.m */; };
		3AABB6CB1AC77CA4001BF8C5 /* CKCalendarEvent.m in Sources */ = {isa = PBXBuildFile; fileRef = 3AABB69B1AC77CA4001BF8C5 /* CKCalendarEvent.m */; };
		3AABB6CC1AC77CA4001BF8C5 /* CKCalendarHeaderView.m in Sources */ = {isa = PBXBuildFile; fileRef = 3AABB69D1AC77CA4001BF8C5 /* CKCalendarHeaderView.m */; };
		3AABB6CD1AC77CA4001BF8C5 /* CKCalendarHeaderView.m in Sources */ = {isa = PBXBuildFile; fileRef = 3AABB69D1AC77CA4001BF8C5 /* CKCalendarHeaderView.m */; };
		3AABB6CE1AC77CA4001BF8C5 /* CKCalendarView.m in Sources */ = {isa = PBXBuildFile; fileRef = 3AABB69F1AC77CA4001BF8C5 /* CKCalendarView.m */; };
		3AABB6CF1AC77CA4001BF8C5 /* CKCalendarView.m in Sources */ = {isa = PBXBuildFile; fileRef = 3AABB69F1AC77CA4001BF8C5 /* CKCalendarView.m */; };
		3AABB6D01AC77CA4001BF8C5 /* CKTableViewCell.m in Sources */ = {isa = PBXBuildFile; fileRef = 3AABB6A11AC77CA4001BF8C5 /* CKTableViewCell.m */; };
		3AABB6D11AC77CA4001BF8C5 /* CKTableViewCell.m in Sources */ = {isa = PBXBuildFile; fileRef = 3AABB6A11AC77CA4001BF8C5 /* CKTableViewCell.m */; };
		3AABB6D21AC77CA4001BF8C5 /* MBPolygonView.m in Sources */ = {isa = PBXBuildFile; fileRef = 3AABB6A31AC77CA4001BF8C5 /* MBPolygonView.m */; };
		3AABB6D31AC77CA4001BF8C5 /* MBPolygonView.m in Sources */ = {isa = PBXBuildFile; fileRef = 3AABB6A31AC77CA4001BF8C5 /* MBPolygonView.m */; };
		3AABB6D41AC77CA4001BF8C5 /* CKCalendarViewController.m in Sources */ = {isa = PBXBuildFile; fileRef = 3AABB6AD1AC77CA4001BF8C5 /* CKCalendarViewController.m */; };
		3AABB6D51AC77CA4001BF8C5 /* CKCalendarViewController.m in Sources */ = {isa = PBXBuildFile; fileRef = 3AABB6AD1AC77CA4001BF8C5 /* CKCalendarViewController.m */; };
		3AABB6D61AC77CA4001BF8C5 /* CKCalendarViewControllerInternal.m in Sources */ = {isa = PBXBuildFile; fileRef = 3AABB6AF1AC77CA4001BF8C5 /* CKCalendarViewControllerInternal.m */; };
		3AABB6D71AC77CA4001BF8C5 /* CKCalendarViewControllerInternal.m in Sources */ = {isa = PBXBuildFile; fileRef = 3AABB6AF1AC77CA4001BF8C5 /* CKCalendarViewControllerInternal.m */; };
/* End PBXBuildFile section */

/* Begin PBXContainerItemProxy section */
		3AABB5311AC75D40001BF8C5 /* PBXContainerItemProxy */ = {
			isa = PBXContainerItemProxy;
			containerPortal = 3AABB4FD1AC75D40001BF8C5 /* Project object */;
			proxyType = 1;
			remoteGlobalIDString = 3AABB5041AC75D40001BF8C5;
			remoteInfo = workout;
		};
/* End PBXContainerItemProxy section */

/* Begin PBXFileReference section */
		3A03D8E91AD702080001A0BE /* AddExerciseToRoutineController.h */ = {isa = PBXFileReference; fileEncoding = 4; lastKnownFileType = sourcecode.c.h; path = AddExerciseToRoutineController.h; sourceTree = "<group>"; };
		3A03D8EA1AD702080001A0BE /* AddExerciseToRoutineController.m */ = {isa = PBXFileReference; fileEncoding = 4; lastKnownFileType = sourcecode.c.objc; path = AddExerciseToRoutineController.m; sourceTree = "<group>"; };
		3A03D8EF1AD72DCB0001A0BE /* ScheduleRoutineTableViewController.h */ = {isa = PBXFileReference; fileEncoding = 4; lastKnownFileType = sourcecode.c.h; name = ScheduleRoutineTableViewController.h; path = ../ScheduleRoutineTableViewController.h; sourceTree = "<group>"; };
		3A03D8F01AD72DCB0001A0BE /* ScheduleRoutineTableViewController.m */ = {isa = PBXFileReference; fileEncoding = 4; lastKnownFileType = sourcecode.c.objc; name = ScheduleRoutineTableViewController.m; path = ../ScheduleRoutineTableViewController.m; sourceTree = "<group>"; };
		3A03D8F21AD73E400001A0BE /* RoutineExerciseDetailViewController.h */ = {isa = PBXFileReference; fileEncoding = 4; lastKnownFileType = sourcecode.c.h; path = RoutineExerciseDetailViewController.h; sourceTree = "<group>"; };
		3A03D8F31AD73E400001A0BE /* RoutineExerciseDetailViewController.m */ = {isa = PBXFileReference; fileEncoding = 4; lastKnownFileType = sourcecode.c.objc; path = RoutineExerciseDetailViewController.m; sourceTree = "<group>"; };
		3A91D0511ACF5D4200F5ACC0 /* AddExercise3ViewController.h */ = {isa = PBXFileReference; fileEncoding = 4; lastKnownFileType = sourcecode.c.h; path = AddExercise3ViewController.h; sourceTree = "<group>"; };
		3A91D0521ACF5D4200F5ACC0 /* AddExercise3ViewController.m */ = {isa = PBXFileReference; fileEncoding = 4; lastKnownFileType = sourcecode.c.objc; path = AddExercise3ViewController.m; sourceTree = "<group>"; };
		3A944F6A1AD1C3150048B616 /* Routine.h */ = {isa = PBXFileReference; fileEncoding = 4; lastKnownFileType = sourcecode.c.h; path = Routine.h; sourceTree = "<group>"; };
		3A944F6B1AD1C3150048B616 /* Routine.m */ = {isa = PBXFileReference; fileEncoding = 4; lastKnownFileType = sourcecode.c.objc; path = Routine.m; sourceTree = "<group>"; };
		3A944F6D1AD1C3490048B616 /* Exercise.h */ = {isa = PBXFileReference; fileEncoding = 4; lastKnownFileType = sourcecode.c.h; path = Exercise.h; sourceTree = "<group>"; };
		3A944F6E1AD1C3490048B616 /* Exercise.m */ = {isa = PBXFileReference; fileEncoding = 4; lastKnownFileType = sourcecode.c.objc; path = Exercise.m; sourceTree = "<group>"; };
		3A944F701AD1CA7D0048B616 /* RoutineTableViewController.h */ = {isa = PBXFileReference; fileEncoding = 4; lastKnownFileType = sourcecode.c.h; path = RoutineTableViewController.h; sourceTree = "<group>"; };
		3A944F711AD1CA7D0048B616 /* RoutineTableViewController.m */ = {isa = PBXFileReference; fileEncoding = 4; lastKnownFileType = sourcecode.c.objc; path = RoutineTableViewController.m; sourceTree = "<group>"; };
		3A944F731AD1E7A20048B616 /* RoutineExerciseTableViewController.h */ = {isa = PBXFileReference; fileEncoding = 4; lastKnownFileType = sourcecode.c.h; path = RoutineExerciseTableViewController.h; sourceTree = "<group>"; };
		3A944F741AD1E7A20048B616 /* RoutineExerciseTableViewController.m */ = {isa = PBXFileReference; fileEncoding = 4; lastKnownFileType = sourcecode.c.objc; path = RoutineExerciseTableViewController.m; sourceTree = "<group>"; };
		3A9A32901ACE3064006F742D /* CoreData.framework */ = {isa = PBXFileReference; lastKnownFileType = wrapper.framework; name = CoreData.framework; path = System/Library/Frameworks/CoreData.framework; sourceTree = SDKROOT; };
		3A9B07C01ACB67C7007DC9C0 /* Model.xcdatamodel */ = {isa = PBXFileReference; lastKnownFileType = wrapper.xcdatamodel; path = Model.xcdatamodel; sourceTree = "<group>"; };
		3A9BDBB31ACF2A3A001B1760 /* AddExerciseController.h */ = {isa = PBXFileReference; fileEncoding = 4; lastKnownFileType = sourcecode.c.h; path = AddExerciseController.h; sourceTree = "<group>"; };
		3A9BDBB41ACF2A3A001B1760 /* AddExerciseController.m */ = {isa = PBXFileReference; fileEncoding = 4; lastKnownFileType = sourcecode.c.objc; path = AddExerciseController.m; sourceTree = "<group>"; };
		3A9BDBB91ACF39DF001B1760 /* AddExercise2ViewController.h */ = {isa = PBXFileReference; fileEncoding = 4; lastKnownFileType = sourcecode.c.h; path = AddExercise2ViewController.h; sourceTree = "<group>"; };
		3A9BDBBA1ACF39DF001B1760 /* AddExercise2ViewController.m */ = {isa = PBXFileReference; fileEncoding = 4; lastKnownFileType = sourcecode.c.objc; path = AddExercise2ViewController.m; sourceTree = "<group>"; };
		3A9DE15C1AD09C4600018775 /* DetailViewController.h */ = {isa = PBXFileReference; fileEncoding = 4; lastKnownFileType = sourcecode.c.h; path = DetailViewController.h; sourceTree = "<group>"; };
		3A9DE15D1AD09C4600018775 /* DetailViewController.m */ = {isa = PBXFileReference; fileEncoding = 4; lastKnownFileType = sourcecode.c.objc; path = DetailViewController.m; sourceTree = "<group>"; };
		3AABB5051AC75D40001BF8C5 /* workout.app */ = {isa = PBXFileReference; explicitFileType = wrapper.application; includeInIndex = 0; path = workout.app; sourceTree = BUILT_PRODUCTS_DIR; };
		3AABB5081AC75D40001BF8C5 /* Foundation.framework */ = {isa = PBXFileReference; lastKnownFileType = wrapper.framework; name = Foundation.framework; path = System/Library/Frameworks/Foundation.framework; sourceTree = SDKROOT; };
		3AABB50A1AC75D40001BF8C5 /* CoreGraphics.framework */ = {isa = PBXFileReference; lastKnownFileType = wrapper.framework; name = CoreGraphics.framework; path = System/Library/Frameworks/CoreGraphics.framework; sourceTree = SDKROOT; };
		3AABB50C1AC75D40001BF8C5 /* UIKit.framework */ = {isa = PBXFileReference; lastKnownFileType = wrapper.framework; name = UIKit.framework; path = System/Library/Frameworks/UIKit.framework; sourceTree = SDKROOT; };
		3AABB5101AC75D40001BF8C5 /* workout-Info.plist */ = {isa = PBXFileReference; lastKnownFileType = text.plist.xml; path = "workout-Info.plist"; sourceTree = "<group>"; };
		3AABB5121AC75D40001BF8C5 /* en */ = {isa = PBXFileReference; lastKnownFileType = text.plist.strings; name = en; path = en.lproj/InfoPlist.strings; sourceTree = "<group>"; };
		3AABB5141AC75D40001BF8C5 /* main.m */ = {isa = PBXFileReference; lastKnownFileType = sourcecode.c.objc; path = main.m; sourceTree = "<group>"; };
		3AABB5161AC75D40001BF8C5 /* workout-Prefix.pch */ = {isa = PBXFileReference; lastKnownFileType = sourcecode.c.h; path = "workout-Prefix.pch"; sourceTree = "<group>"; };
		3AABB5171AC75D40001BF8C5 /* AppDelegate.h */ = {isa = PBXFileReference; lastKnownFileType = sourcecode.c.h; path = AppDelegate.h; sourceTree = "<group>"; };
		3AABB5181AC75D40001BF8C5 /* AppDelegate.m */ = {isa = PBXFileReference; lastKnownFileType = sourcecode.c.objc; path = AppDelegate.m; sourceTree = "<group>"; };
		3AABB51B1AC75D40001BF8C5 /* Base */ = {isa = PBXFileReference; lastKnownFileType = file.storyboard; name = Base; path = Base.lproj/Main_iPhone.storyboard; sourceTree = "<group>"; };
		3AABB51E1AC75D40001BF8C5 /* Base */ = {isa = PBXFileReference; lastKnownFileType = file.storyboard; name = Base; path = Base.lproj/Main_iPad.storyboard; sourceTree = "<group>"; };
		3AABB5201AC75D40001BF8C5 /* CalendarViewController.h */ = {isa = PBXFileReference; lastKnownFileType = sourcecode.c.h; path = CalendarViewController.h; sourceTree = "<group>"; };
		3AABB5211AC75D40001BF8C5 /* CalendarViewController.m */ = {isa = PBXFileReference; lastKnownFileType = sourcecode.c.objc; path = CalendarViewController.m; sourceTree = "<group>"; };
		3AABB5231AC75D40001BF8C5 /* AddRoutineViewController.h */ = {isa = PBXFileReference; lastKnownFileType = sourcecode.c.h; path = AddRoutineViewController.h; sourceTree = "<group>"; };
		3AABB5241AC75D40001BF8C5 /* AddRoutineViewController.m */ = {isa = PBXFileReference; lastKnownFileType = sourcecode.c.objc; path = AddRoutineViewController.m; sourceTree = "<group>"; };
		3AABB5261AC75D40001BF8C5 /* Images.xcassets */ = {isa = PBXFileReference; lastKnownFileType = folder.assetcatalog; path = Images.xcassets; sourceTree = "<group>"; };
		3AABB52C1AC75D40001BF8C5 /* workoutTests.xctest */ = {isa = PBXFileReference; explicitFileType = wrapper.cfbundle; includeInIndex = 0; path = workoutTests.xctest; sourceTree = BUILT_PRODUCTS_DIR; };
		3AABB52D1AC75D40001BF8C5 /* XCTest.framework */ = {isa = PBXFileReference; lastKnownFileType = wrapper.framework; name = XCTest.framework; path = Library/Frameworks/XCTest.framework; sourceTree = DEVELOPER_DIR; };
		3AABB5351AC75D40001BF8C5 /* workoutTests-Info.plist */ = {isa = PBXFileReference; lastKnownFileType = text.plist.xml; path = "workoutTests-Info.plist"; sourceTree = "<group>"; };
		3AABB5371AC75D40001BF8C5 /* en */ = {isa = PBXFileReference; lastKnownFileType = text.plist.strings; name = en; path = en.lproj/InfoPlist.strings; sourceTree = "<group>"; };
		3AABB5391AC75D40001BF8C5 /* workoutTests.m */ = {isa = PBXFileReference; lastKnownFileType = sourcecode.c.objc; path = workoutTests.m; sourceTree = "<group>"; };
		3AABB5E41AC779DF001BF8C5 /* QuartzCore.framework */ = {isa = PBXFileReference; lastKnownFileType = wrapper.framework; name = QuartzCore.framework; path = System/Library/Frameworks/QuartzCore.framework; sourceTree = SDKROOT; };
		3AABB6771AC77CA4001BF8C5 /* CalendarKit.h */ = {isa = PBXFileReference; fileEncoding = 4; lastKnownFileType = sourcecode.c.h; path = CalendarKit.h; sourceTree = "<group>"; };
		3AABB67B1AC77CA4001BF8C5 /* NSCalendar+Components.h */ = {isa = PBXFileReference; fileEncoding = 4; lastKnownFileType = sourcecode.c.h; path = "NSCalendar+Components.h"; sourceTree = "<group>"; };
		3AABB67C1AC77CA4001BF8C5 /* NSCalendar+Components.m */ = {isa = PBXFileReference; fileEncoding = 4; lastKnownFileType = sourcecode.c.objc; path = "NSCalendar+Components.m"; sourceTree = "<group>"; };
		3AABB67D1AC77CA4001BF8C5 /* NSCalendar+DateComparison.h */ = {isa = PBXFileReference; fileEncoding = 4; lastKnownFileType = sourcecode.c.h; path = "NSCalendar+DateComparison.h"; sourceTree = "<group>"; };
		3AABB67E1AC77CA4001BF8C5 /* NSCalendar+DateComparison.m */ = {isa = PBXFileReference; fileEncoding = 4; lastKnownFileType = sourcecode.c.objc; path = "NSCalendar+DateComparison.m"; sourceTree = "<group>"; };
		3AABB67F1AC77CA4001BF8C5 /* NSCalendar+DateManipulation.h */ = {isa = PBXFileReference; fileEncoding = 4; lastKnownFileType = sourcecode.c.h; path = "NSCalendar+DateManipulation.h"; sourceTree = "<group>"; };
		3AABB6801AC77CA4001BF8C5 /* NSCalendar+DateManipulation.m */ = {isa = PBXFileReference; fileEncoding = 4; lastKnownFileType = sourcecode.c.objc; path = "NSCalendar+DateManipulation.m"; sourceTree = "<group>"; };
		3AABB6811AC77CA4001BF8C5 /* NSCalendar+Juncture.h */ = {isa = PBXFileReference; fileEncoding = 4; lastKnownFileType = sourcecode.c.h; path = "NSCalendar+Juncture.h"; sourceTree = "<group>"; };
		3AABB6821AC77CA4001BF8C5 /* NSCalendar+Juncture.m */ = {isa = PBXFileReference; fileEncoding = 4; lastKnownFileType = sourcecode.c.objc; path = "NSCalendar+Juncture.m"; sourceTree = "<group>"; };
		3AABB6831AC77CA4001BF8C5 /* NSCalendar+Ranges.h */ = {isa = PBXFileReference; fileEncoding = 4; lastKnownFileType = sourcecode.c.h; path = "NSCalendar+Ranges.h"; sourceTree = "<group>"; };
		3AABB6841AC77CA4001BF8C5 /* NSCalendar+Ranges.m */ = {isa = PBXFileReference; fileEncoding = 4; lastKnownFileType = sourcecode.c.objc; path = "NSCalendar+Ranges.m"; sourceTree = "<group>"; };
		3AABB6851AC77CA4001BF8C5 /* NSCalendarCategories.h */ = {isa = PBXFileReference; fileEncoding = 4; lastKnownFileType = sourcecode.c.h; path = NSCalendarCategories.h; sourceTree = "<group>"; };
		3AABB6871AC77CA4001BF8C5 /* NSDate+Components.h */ = {isa = PBXFileReference; fileEncoding = 4; lastKnownFileType = sourcecode.c.h; path = "NSDate+Components.h"; sourceTree = "<group>"; };
		3AABB6881AC77CA4001BF8C5 /* NSDate+Components.m */ = {isa = PBXFileReference; fileEncoding = 4; lastKnownFileType = sourcecode.c.objc; path = "NSDate+Components.m"; sourceTree = "<group>"; };
		3AABB6891AC77CA4001BF8C5 /* NSDate+Description.h */ = {isa = PBXFileReference; fileEncoding = 4; lastKnownFileType = sourcecode.c.h; path = "NSDate+Description.h"; sourceTree = "<group>"; };
		3AABB68A1AC77CA4001BF8C5 /* NSDate+Description.m */ = {isa = PBXFileReference; fileEncoding = 4; lastKnownFileType = sourcecode.c.objc; path = "NSDate+Description.m"; sourceTree = "<group>"; };
		3AABB68B1AC77CA4001BF8C5 /* NSDateComponents+AllComponents.h */ = {isa = PBXFileReference; fileEncoding = 4; lastKnownFileType = sourcecode.c.h; path = "NSDateComponents+AllComponents.h"; sourceTree = "<group>"; };
		3AABB68C1AC77CA4001BF8C5 /* NSDateComponents+AllComponents.m */ = {isa = PBXFileReference; fileEncoding = 4; lastKnownFileType = sourcecode.c.objc; path = "NSDateComponents+AllComponents.m"; sourceTree = "<group>"; };
		3AABB68D1AC77CA4001BF8C5 /* NSString+Color.h */ = {isa = PBXFileReference; fileEncoding = 4; lastKnownFileType = sourcecode.c.h; path = "NSString+Color.h"; sourceTree = "<group>"; };
		3AABB68E1AC77CA4001BF8C5 /* NSString+Color.m */ = {isa = PBXFileReference; fileEncoding = 4; lastKnownFileType = sourcecode.c.objc; path = "NSString+Color.m"; sourceTree = "<group>"; };
		3AABB6901AC77CA4001BF8C5 /* UIColor+HexString.h */ = {isa = PBXFileReference; fileEncoding = 4; lastKnownFileType = sourcecode.c.h; path = "UIColor+HexString.h"; sourceTree = "<group>"; };
		3AABB6911AC77CA4001BF8C5 /* UIColor+HexString.m */ = {isa = PBXFileReference; fileEncoding = 4; lastKnownFileType = sourcecode.c.objc; path = "UIColor+HexString.m"; sourceTree = "<group>"; };
		3AABB6931AC77CA4001BF8C5 /* UIView+AnimatedFrame.h */ = {isa = PBXFileReference; fileEncoding = 4; lastKnownFileType = sourcecode.c.h; path = "UIView+AnimatedFrame.h"; sourceTree = "<group>"; };
		3AABB6941AC77CA4001BF8C5 /* UIView+AnimatedFrame.m */ = {isa = PBXFileReference; fileEncoding = 4; lastKnownFileType = sourcecode.c.objc; path = "UIView+AnimatedFrame.m"; sourceTree = "<group>"; };
		3AABB6951AC77CA4001BF8C5 /* UIView+Border.h */ = {isa = PBXFileReference; fileEncoding = 4; lastKnownFileType = sourcecode.c.h; path = "UIView+Border.h"; sourceTree = "<group>"; };
		3AABB6961AC77CA4001BF8C5 /* UIView+Border.m */ = {isa = PBXFileReference; fileEncoding = 4; lastKnownFileType = sourcecode.c.objc; path = "UIView+Border.m"; sourceTree = "<group>"; };
		3AABB6981AC77CA4001BF8C5 /* CKCalendarCell.h */ = {isa = PBXFileReference; fileEncoding = 4; lastKnownFileType = sourcecode.c.h; path = CKCalendarCell.h; sourceTree = "<group>"; };
		3AABB6991AC77CA4001BF8C5 /* CKCalendarCell.m */ = {isa = PBXFileReference; fileEncoding = 4; lastKnownFileType = sourcecode.c.objc; path = CKCalendarCell.m; sourceTree = "<group>"; };
		3AABB69A1AC77CA4001BF8C5 /* CKCalendarEvent.h */ = {isa = PBXFileReference; fileEncoding = 4; lastKnownFileType = sourcecode.c.h; path = CKCalendarEvent.h; sourceTree = "<group>"; };
		3AABB69B1AC77CA4001BF8C5 /* CKCalendarEvent.m */ = {isa = PBXFileReference; fileEncoding = 4; lastKnownFileType = sourcecode.c.objc; path = CKCalendarEvent.m; sourceTree = "<group>"; };
		3AABB69C1AC77CA4001BF8C5 /* CKCalendarHeaderView.h */ = {isa = PBXFileReference; fileEncoding = 4; lastKnownFileType = sourcecode.c.h; path = CKCalendarHeaderView.h; sourceTree = "<group>"; };
		3AABB69D1AC77CA4001BF8C5 /* CKCalendarHeaderView.m */ = {isa = PBXFileReference; fileEncoding = 4; lastKnownFileType = sourcecode.c.objc; path = CKCalendarHeaderView.m; sourceTree = "<group>"; };
		3AABB69E1AC77CA4001BF8C5 /* CKCalendarView.h */ = {isa = PBXFileReference; fileEncoding = 4; lastKnownFileType = sourcecode.c.h; path = CKCalendarView.h; sourceTree = "<group>"; };
		3AABB69F1AC77CA4001BF8C5 /* CKCalendarView.m */ = {isa = PBXFileReference; fileEncoding = 4; lastKnownFileType = sourcecode.c.objc; path = CKCalendarView.m; sourceTree = "<group>"; };
		3AABB6A01AC77CA4001BF8C5 /* CKTableViewCell.h */ = {isa = PBXFileReference; fileEncoding = 4; lastKnownFileType = sourcecode.c.h; path = CKTableViewCell.h; sourceTree = "<group>"; };
		3AABB6A11AC77CA4001BF8C5 /* CKTableViewCell.m */ = {isa = PBXFileReference; fileEncoding = 4; lastKnownFileType = sourcecode.c.objc; path = CKTableViewCell.m; sourceTree = "<group>"; };
		3AABB6A21AC77CA4001BF8C5 /* MBPolygonView.h */ = {isa = PBXFileReference; fileEncoding = 4; lastKnownFileType = sourcecode.c.h; path = MBPolygonView.h; sourceTree = "<group>"; };
		3AABB6A31AC77CA4001BF8C5 /* MBPolygonView.m */ = {isa = PBXFileReference; fileEncoding = 4; lastKnownFileType = sourcecode.c.objc; path = MBPolygonView.m; sourceTree = "<group>"; };
		3AABB6A51AC77CA4001BF8C5 /* CKCalendarCellColors.h */ = {isa = PBXFileReference; fileEncoding = 4; lastKnownFileType = sourcecode.c.h; path = CKCalendarCellColors.h; sourceTree = "<group>"; };
		3AABB6A61AC77CA4001BF8C5 /* CKCalendarDataSource.h */ = {isa = PBXFileReference; fileEncoding = 4; lastKnownFileType = sourcecode.c.h; path = CKCalendarDataSource.h; sourceTree = "<group>"; };
		3AABB6A71AC77CA4001BF8C5 /* CKCalendarDelegate.h */ = {isa = PBXFileReference; fileEncoding = 4; lastKnownFileType = sourcecode.c.h; path = CKCalendarDelegate.h; sourceTree = "<group>"; };
		3AABB6A81AC77CA4001BF8C5 /* CKCalendarHeaderColors.h */ = {isa = PBXFileReference; fileEncoding = 4; lastKnownFileType = sourcecode.c.h; path = CKCalendarHeaderColors.h; sourceTree = "<group>"; };
		3AABB6A91AC77CA4001BF8C5 /* CKCalendarMonthCellStates.h */ = {isa = PBXFileReference; fileEncoding = 4; lastKnownFileType = sourcecode.c.h; path = CKCalendarMonthCellStates.h; sourceTree = "<group>"; };
		3AABB6AA1AC77CA4001BF8C5 /* CKCalendarViewModes.h */ = {isa = PBXFileReference; fileEncoding = 4; lastKnownFileType = sourcecode.c.h; path = CKCalendarViewModes.h; sourceTree = "<group>"; };
		3AABB6AC1AC77CA4001BF8C5 /* CKCalendarViewController.h */ = {isa = PBXFileReference; fileEncoding = 4; lastKnownFileType = sourcecode.c.h; path = CKCalendarViewController.h; sourceTree = "<group>"; };
		3AABB6AD1AC77CA4001BF8C5 /* CKCalendarViewController.m */ = {isa = PBXFileReference; fileEncoding = 4; lastKnownFileType = sourcecode.c.objc; path = CKCalendarViewController.m; sourceTree = "<group>"; };
		3AABB6AE1AC77CA4001BF8C5 /* CKCalendarViewControllerInternal.h */ = {isa = PBXFileReference; fileEncoding = 4; lastKnownFileType = sourcecode.c.h; path = CKCalendarViewControllerInternal.h; sourceTree = "<group>"; };
		3AABB6AF1AC77CA4001BF8C5 /* CKCalendarViewControllerInternal.m */ = {isa = PBXFileReference; fileEncoding = 4; lastKnownFileType = sourcecode.c.objc; path = CKCalendarViewControllerInternal.m; sourceTree = "<group>"; };
/* End PBXFileReference section */

/* Begin PBXFrameworksBuildPhase section */
		3AABB5021AC75D40001BF8C5 /* Frameworks */ = {
			isa = PBXFrameworksBuildPhase;
			buildActionMask = 2147483647;
			files = (
				3A9A32911ACE3064006F742D /* CoreData.framework in Frameworks */,
				3AABB5E51AC779DF001BF8C5 /* QuartzCore.framework in Frameworks */,
				3AABB50B1AC75D40001BF8C5 /* CoreGraphics.framework in Frameworks */,
				3AABB50D1AC75D40001BF8C5 /* UIKit.framework in Frameworks */,
				3AABB5091AC75D40001BF8C5 /* Foundation.framework in Frameworks */,
			);
			runOnlyForDeploymentPostprocessing = 0;
		};
		3AABB5291AC75D40001BF8C5 /* Frameworks */ = {
			isa = PBXFrameworksBuildPhase;
			buildActionMask = 2147483647;
			files = (
				3AABB52E1AC75D40001BF8C5 /* XCTest.framework in Frameworks */,
				3AABB5301AC75D40001BF8C5 /* UIKit.framework in Frameworks */,
				3AABB52F1AC75D40001BF8C5 /* Foundation.framework in Frameworks */,
			);
			runOnlyForDeploymentPostprocessing = 0;
		};
/* End PBXFrameworksBuildPhase section */

/* Begin PBXGroup section */
		3AABB4FC1AC75D40001BF8C5 = {
			isa = PBXGroup;
			children = (
				3AABB50E1AC75D40001BF8C5 /* workout */,
				3AABB5331AC75D40001BF8C5 /* workoutTests */,
				3AABB5071AC75D40001BF8C5 /* Frameworks */,
				3AABB5061AC75D40001BF8C5 /* Products */,
			);
			sourceTree = "<group>";
		};
		3AABB5061AC75D40001BF8C5 /* Products */ = {
			isa = PBXGroup;
			children = (
				3AABB5051AC75D40001BF8C5 /* workout.app */,
				3AABB52C1AC75D40001BF8C5 /* workoutTests.xctest */,
			);
			name = Products;
			sourceTree = "<group>";
		};
		3AABB5071AC75D40001BF8C5 /* Frameworks */ = {
			isa = PBXGroup;
			children = (
				3A9A32901ACE3064006F742D /* CoreData.framework */,
				3AABB5E41AC779DF001BF8C5 /* QuartzCore.framework */,
				3AABB5081AC75D40001BF8C5 /* Foundation.framework */,
				3AABB50A1AC75D40001BF8C5 /* CoreGraphics.framework */,
				3AABB50C1AC75D40001BF8C5 /* UIKit.framework */,
				3AABB52D1AC75D40001BF8C5 /* XCTest.framework */,
			);
			name = Frameworks;
			sourceTree = "<group>";
		};
		3AABB50E1AC75D40001BF8C5 /* workout */ = {
			isa = PBXGroup;
			children = (
				3AABB6761AC77CA4001BF8C5 /* CalendarKit */,
				3AABB5171AC75D40001BF8C5 /* AppDelegate.h */,
				3AABB5181AC75D40001BF8C5 /* AppDelegate.m */,
				3A03D8EF1AD72DCB0001A0BE /* ScheduleRoutineTableViewController.h */,
				3A03D8F01AD72DCB0001A0BE /* ScheduleRoutineTableViewController.m */,
				3AABB51A1AC75D40001BF8C5 /* Main_iPhone.storyboard */,
				3A03D8E91AD702080001A0BE /* AddExerciseToRoutineController.h */,
				3A03D8EA1AD702080001A0BE /* AddExerciseToRoutineController.m */,
				3A944F731AD1E7A20048B616 /* RoutineExerciseTableViewController.h */,
				3A944F741AD1E7A20048B616 /* RoutineExerciseTableViewController.m */,
				3A944F701AD1CA7D0048B616 /* RoutineTableViewController.h */,
				3A944F711AD1CA7D0048B616 /* RoutineTableViewController.m */,
				3A91D0511ACF5D4200F5ACC0 /* AddExercise3ViewController.h */,
				3A91D0521ACF5D4200F5ACC0 /* AddExercise3ViewController.m */,
				3A9BDBB31ACF2A3A001B1760 /* AddExerciseController.h */,
				3A9BDBB41ACF2A3A001B1760 /* AddExerciseController.m */,
				3A9BDBB91ACF39DF001B1760 /* AddExercise2ViewController.h */,
				3A9BDBBA1ACF39DF001B1760 /* AddExercise2ViewController.m */,
				3AABB51D1AC75D40001BF8C5 /* Main_iPad.storyboard */,
				3AABB5201AC75D40001BF8C5 /* CalendarViewController.h */,
				3AABB5211AC75D40001BF8C5 /* CalendarViewController.m */,
				3A9DE15C1AD09C4600018775 /* DetailViewController.h */,
				3A9DE15D1AD09C4600018775 /* DetailViewController.m */,
				3A03D8F21AD73E400001A0BE /* RoutineExerciseDetailViewController.h */,
				3A03D8F31AD73E400001A0BE /* RoutineExerciseDetailViewController.m */,
				3AABB5231AC75D40001BF8C5 /* AddRoutineViewController.h */,
				3AABB5241AC75D40001BF8C5 /* AddRoutineViewController.m */,
				3AABB5261AC75D40001BF8C5 /* Images.xcassets */,
				3AABB50F1AC75D40001BF8C5 /* Supporting Files */,
				3A9B07BF1ACB67C7007DC9C0 /* Model.xcdatamodeld */,
				3A944F6D1AD1C3490048B616 /* Exercise.h */,
				3A944F6E1AD1C3490048B616 /* Exercise.m */,
				3A944F6A1AD1C3150048B616 /* Routine.h */,
				3A944F6B1AD1C3150048B616 /* Routine.m */,
			);
			path = workout;
			sourceTree = "<group>";
		};
		3AABB50F1AC75D40001BF8C5 /* Supporting Files */ = {
			isa = PBXGroup;
			children = (
				3AABB5101AC75D40001BF8C5 /* workout-Info.plist */,
				3AABB5111AC75D40001BF8C5 /* InfoPlist.strings */,
				3AABB5141AC75D40001BF8C5 /* main.m */,
				3AABB5161AC75D40001BF8C5 /* workout-Prefix.pch */,
			);
			name = "Supporting Files";
			sourceTree = "<group>";
		};
		3AABB5331AC75D40001BF8C5 /* workoutTests */ = {
			isa = PBXGroup;
			children = (
				3AABB5391AC75D40001BF8C5 /* workoutTests.m */,
				3AABB5341AC75D40001BF8C5 /* Supporting Files */,
			);
			path = workoutTests;
			sourceTree = "<group>";
		};
		3AABB5341AC75D40001BF8C5 /* Supporting Files */ = {
			isa = PBXGroup;
			children = (
				3AABB5351AC75D40001BF8C5 /* workoutTests-Info.plist */,
				3AABB5361AC75D40001BF8C5 /* InfoPlist.strings */,
			);
			name = "Supporting Files";
			sourceTree = "<group>";
		};
		3AABB6761AC77CA4001BF8C5 /* CalendarKit */ = {
			isa = PBXGroup;
			children = (
				3AABB6771AC77CA4001BF8C5 /* CalendarKit.h */,
				3AABB6781AC77CA4001BF8C5 /* Categories */,
				3AABB6971AC77CA4001BF8C5 /* Core */,
				3AABB6A41AC77CA4001BF8C5 /* Headers */,
				3AABB6AB1AC77CA4001BF8C5 /* View Controllers */,
			);
			path = CalendarKit;
			sourceTree = "<group>";
		};
		3AABB6781AC77CA4001BF8C5 /* Categories */ = {
			isa = PBXGroup;
			children = (
				3AABB6791AC77CA4001BF8C5 /* Foundation */,
				3AABB68F1AC77CA4001BF8C5 /* UIKit */,
			);
			path = Categories;
			sourceTree = "<group>";
		};
		3AABB6791AC77CA4001BF8C5 /* Foundation */ = {
			isa = PBXGroup;
			children = (
				3AABB67A1AC77CA4001BF8C5 /* NSCalendar */,
				3AABB6851AC77CA4001BF8C5 /* NSCalendarCategories.h */,
				3AABB6861AC77CA4001BF8C5 /* NSDate */,
				3AABB68B1AC77CA4001BF8C5 /* NSDateComponents+AllComponents.h */,
				3AABB68C1AC77CA4001BF8C5 /* NSDateComponents+AllComponents.m */,
				3AABB68D1AC77CA4001BF8C5 /* NSString+Color.h */,
				3AABB68E1AC77CA4001BF8C5 /* NSString+Color.m */,
			);
			path = Foundation;
			sourceTree = "<group>";
		};
		3AABB67A1AC77CA4001BF8C5 /* NSCalendar */ = {
			isa = PBXGroup;
			children = (
				3AABB67B1AC77CA4001BF8C5 /* NSCalendar+Components.h */,
				3AABB67C1AC77CA4001BF8C5 /* NSCalendar+Components.m */,
				3AABB67D1AC77CA4001BF8C5 /* NSCalendar+DateComparison.h */,
				3AABB67E1AC77CA4001BF8C5 /* NSCalendar+DateComparison.m */,
				3AABB67F1AC77CA4001BF8C5 /* NSCalendar+DateManipulation.h */,
				3AABB6801AC77CA4001BF8C5 /* NSCalendar+DateManipulation.m */,
				3AABB6811AC77CA4001BF8C5 /* NSCalendar+Juncture.h */,
				3AABB6821AC77CA4001BF8C5 /* NSCalendar+Juncture.m */,
				3AABB6831AC77CA4001BF8C5 /* NSCalendar+Ranges.h */,
				3AABB6841AC77CA4001BF8C5 /* NSCalendar+Ranges.m */,
			);
			path = NSCalendar;
			sourceTree = "<group>";
		};
		3AABB6861AC77CA4001BF8C5 /* NSDate */ = {
			isa = PBXGroup;
			children = (
				3AABB6871AC77CA4001BF8C5 /* NSDate+Components.h */,
				3AABB6881AC77CA4001BF8C5 /* NSDate+Components.m */,
				3AABB6891AC77CA4001BF8C5 /* NSDate+Description.h */,
				3AABB68A1AC77CA4001BF8C5 /* NSDate+Description.m */,
			);
			path = NSDate;
			sourceTree = "<group>";
		};
		3AABB68F1AC77CA4001BF8C5 /* UIKit */ = {
			isa = PBXGroup;
			children = (
				3AABB6901AC77CA4001BF8C5 /* UIColor+HexString.h */,
				3AABB6911AC77CA4001BF8C5 /* UIColor+HexString.m */,
				3AABB6921AC77CA4001BF8C5 /* UIView */,
			);
			path = UIKit;
			sourceTree = "<group>";
		};
		3AABB6921AC77CA4001BF8C5 /* UIView */ = {
			isa = PBXGroup;
			children = (
				3AABB6931AC77CA4001BF8C5 /* UIView+AnimatedFrame.h */,
				3AABB6941AC77CA4001BF8C5 /* UIView+AnimatedFrame.m */,
				3AABB6951AC77CA4001BF8C5 /* UIView+Border.h */,
				3AABB6961AC77CA4001BF8C5 /* UIView+Border.m */,
			);
			path = UIView;
			sourceTree = "<group>";
		};
		3AABB6971AC77CA4001BF8C5 /* Core */ = {
			isa = PBXGroup;
			children = (
				3AABB6981AC77CA4001BF8C5 /* CKCalendarCell.h */,
				3AABB6991AC77CA4001BF8C5 /* CKCalendarCell.m */,
				3AABB69A1AC77CA4001BF8C5 /* CKCalendarEvent.h */,
				3AABB69B1AC77CA4001BF8C5 /* CKCalendarEvent.m */,
				3AABB69C1AC77CA4001BF8C5 /* CKCalendarHeaderView.h */,
				3AABB69D1AC77CA4001BF8C5 /* CKCalendarHeaderView.m */,
				3AABB69E1AC77CA4001BF8C5 /* CKCalendarView.h */,
				3AABB69F1AC77CA4001BF8C5 /* CKCalendarView.m */,
				3AABB6A01AC77CA4001BF8C5 /* CKTableViewCell.h */,
				3AABB6A11AC77CA4001BF8C5 /* CKTableViewCell.m */,
				3AABB6A21AC77CA4001BF8C5 /* MBPolygonView.h */,
				3AABB6A31AC77CA4001BF8C5 /* MBPolygonView.m */,
			);
			path = Core;
			sourceTree = "<group>";
		};
		3AABB6A41AC77CA4001BF8C5 /* Headers */ = {
			isa = PBXGroup;
			children = (
				3AABB6A51AC77CA4001BF8C5 /* CKCalendarCellColors.h */,
				3AABB6A61AC77CA4001BF8C5 /* CKCalendarDataSource.h */,
				3AABB6A71AC77CA4001BF8C5 /* CKCalendarDelegate.h */,
				3AABB6A81AC77CA4001BF8C5 /* CKCalendarHeaderColors.h */,
				3AABB6A91AC77CA4001BF8C5 /* CKCalendarMonthCellStates.h */,
				3AABB6AA1AC77CA4001BF8C5 /* CKCalendarViewModes.h */,
			);
			path = Headers;
			sourceTree = "<group>";
		};
		3AABB6AB1AC77CA4001BF8C5 /* View Controllers */ = {
			isa = PBXGroup;
			children = (
				3AABB6AC1AC77CA4001BF8C5 /* CKCalendarViewController.h */,
				3AABB6AD1AC77CA4001BF8C5 /* CKCalendarViewController.m */,
				3AABB6AE1AC77CA4001BF8C5 /* CKCalendarViewControllerInternal.h */,
				3AABB6AF1AC77CA4001BF8C5 /* CKCalendarViewControllerInternal.m */,
			);
			path = "View Controllers";
			sourceTree = "<group>";
		};
/* End PBXGroup section */

/* Begin PBXNativeTarget section */
		3AABB5041AC75D40001BF8C5 /* workout */ = {
			isa = PBXNativeTarget;
			buildConfigurationList = 3AABB53D1AC75D40001BF8C5 /* Build configuration list for PBXNativeTarget "workout" */;
			buildPhases = (
				3AABB5011AC75D40001BF8C5 /* Sources */,
				3AABB5021AC75D40001BF8C5 /* Frameworks */,
				3AABB5031AC75D40001BF8C5 /* Resources */,
			);
			buildRules = (
			);
			dependencies = (
			);
			name = workout;
			productName = workout;
			productReference = 3AABB5051AC75D40001BF8C5 /* workout.app */;
			productType = "com.apple.product-type.application";
		};
		3AABB52B1AC75D40001BF8C5 /* workoutTests */ = {
			isa = PBXNativeTarget;
			buildConfigurationList = 3AABB5401AC75D40001BF8C5 /* Build configuration list for PBXNativeTarget "workoutTests" */;
			buildPhases = (
				3AABB5281AC75D40001BF8C5 /* Sources */,
				3AABB5291AC75D40001BF8C5 /* Frameworks */,
				3AABB52A1AC75D40001BF8C5 /* Resources */,
			);
			buildRules = (
			);
			dependencies = (
				3AABB5321AC75D40001BF8C5 /* PBXTargetDependency */,
			);
			name = workoutTests;
			productName = workoutTests;
			productReference = 3AABB52C1AC75D40001BF8C5 /* workoutTests.xctest */;
			productType = "com.apple.product-type.bundle.unit-test";
		};
/* End PBXNativeTarget section */

/* Begin PBXProject section */
		3AABB4FD1AC75D40001BF8C5 /* Project object */ = {
			isa = PBXProject;
			attributes = {
				LastUpgradeCheck = 0510;
				ORGANIZATIONNAME = "___FULLUSERNAME___";
				TargetAttributes = {
					3AABB52B1AC75D40001BF8C5 = {
						TestTargetID = 3AABB5041AC75D40001BF8C5;
					};
				};
			};
			buildConfigurationList = 3AABB5001AC75D40001BF8C5 /* Build configuration list for PBXProject "workout" */;
			compatibilityVersion = "Xcode 3.2";
			developmentRegion = English;
			hasScannedForEncodings = 0;
			knownRegions = (
				en,
				Base,
			);
			mainGroup = 3AABB4FC1AC75D40001BF8C5;
			productRefGroup = 3AABB5061AC75D40001BF8C5 /* Products */;
			projectDirPath = "";
			projectRoot = "";
			targets = (
				3AABB5041AC75D40001BF8C5 /* workout */,
				3AABB52B1AC75D40001BF8C5 /* workoutTests */,
			);
		};
/* End PBXProject section */

/* Begin PBXResourcesBuildPhase section */
		3AABB5031AC75D40001BF8C5 /* Resources */ = {
			isa = PBXResourcesBuildPhase;
			buildActionMask = 2147483647;
			files = (
				3AABB51F1AC75D40001BF8C5 /* Main_iPad.storyboard in Resources */,
				3AABB5271AC75D40001BF8C5 /* Images.xcassets in Resources */,
				3AABB51C1AC75D40001BF8C5 /* Main_iPhone.storyboard in Resources */,
				3AABB5131AC75D40001BF8C5 /* InfoPlist.strings in Resources */,
			);
			runOnlyForDeploymentPostprocessing = 0;
		};
		3AABB52A1AC75D40001BF8C5 /* Resources */ = {
			isa = PBXResourcesBuildPhase;
			buildActionMask = 2147483647;
			files = (
				3AABB5381AC75D40001BF8C5 /* InfoPlist.strings in Resources */,
			);
			runOnlyForDeploymentPostprocessing = 0;
		};
/* End PBXResourcesBuildPhase section */

/* Begin PBXSourcesBuildPhase section */
		3AABB5011AC75D40001BF8C5 /* Sources */ = {
			isa = PBXSourcesBuildPhase;
			buildActionMask = 2147483647;
			files = (
				3AABB6C01AC77CA4001BF8C5 /* NSString+Color.m in Sources */,
				3AABB6BE1AC77CA4001BF8C5 /* NSDateComponents+AllComponents.m in Sources */,
				3AABB5251AC75D40001BF8C5 /* AddRoutineViewController.m in Sources */,
				3AABB6B41AC77CA4001BF8C5 /* NSCalendar+DateManipulation.m in Sources */,
				3A944F721AD1CA7D0048B616 /* RoutineTableViewController.m in Sources */,
				3A9DE15E1AD09C4600018775 /* DetailViewController.m in Sources */,
				3AABB6C21AC77CA4001BF8C5 /* UIColor+HexString.m in Sources */,
				3A9BDBB51ACF2A3A001B1760 /* AddExerciseController.m in Sources */,
				3A91D0531ACF5D4200F5ACC0 /* AddExercise3ViewController.m in Sources */,
				3AABB6B81AC77CA4001BF8C5 /* NSCalendar+Ranges.m in Sources */,
				3A03D8F11AD72DCB0001A0BE /* ScheduleRoutineTableViewController.m in Sources */,
				3AABB6CC1AC77CA4001BF8C5 /* CKCalendarHeaderView.m in Sources */,
				3A03D8F41AD73E400001A0BE /* RoutineExerciseDetailViewController.m in Sources */,
				3AABB6B21AC77CA4001BF8C5 /* NSCalendar+DateComparison.m in Sources */,
				3AABB6BC1AC77CA4001BF8C5 /* NSDate+Description.m in Sources */,
				3AABB6BA1AC77CA4001BF8C5 /* NSDate+Components.m in Sources */,
				3A9B07C11ACB67C7007DC9C0 /* Model.xcdatamodeld in Sources */,
				3A944F751AD1E7A20048B616 /* RoutineExerciseTableViewController.m in Sources */,
				3A944F6F1AD1C3490048B616 /* Exercise.m in Sources */,
				3AABB6CE1AC77CA4001BF8C5 /* CKCalendarView.m in Sources */,
				3AABB6D41AC77CA4001BF8C5 /* CKCalendarViewController.m in Sources */,
				3AABB6C41AC77CA4001BF8C5 /* UIView+AnimatedFrame.m in Sources */,
				3AABB6D61AC77CA4001BF8C5 /* CKCalendarViewControllerInternal.m in Sources */,
				3A944F6C1AD1C3150048B616 /* Routine.m in Sources */,
				3AABB6D21AC77CA4001BF8C5 /* MBPolygonView.m in Sources */,
				3AABB5191AC75D40001BF8C5 /* AppDelegate.m in Sources */,
				3AABB5221AC75D40001BF8C5 /* CalendarViewController.m in Sources */,
				3AABB6CA1AC77CA4001BF8C5 /* CKCalendarEvent.m in Sources */,
				3AABB6C61AC77CA4001BF8C5 /* UIView+Border.m in Sources */,
				3AABB6D01AC77CA4001BF8C5 /* CKTableViewCell.m in Sources */,
				3AABB5151AC75D40001BF8C5 /* main.m in Sources */,
				3AABB6C81AC77CA4001BF8C5 /* CKCalendarCell.m in Sources */,
				3A9BDBBB1ACF39DF001B1760 /* AddExercise2ViewController.m in Sources */,
				3AABB6B61AC77CA4001BF8C5 /* NSCalendar+Juncture.m in Sources */,
				3A03D8EB1AD702080001A0BE /* AddExerciseToRoutineController.m in Sources */,
				3AABB6B01AC77CA4001BF8C5 /* NSCalendar+Components.m in Sources */,
			);
			runOnlyForDeploymentPostprocessing = 0;
		};
		3AABB5281AC75D40001BF8C5 /* Sources */ = {
			isa = PBXSourcesBuildPhase;
			buildActionMask = 2147483647;
			files = (
				3AABB6D51AC77CA4001BF8C5 /* CKCalendarViewController.m in Sources */,
				3AABB6BF1AC77CA4001BF8C5 /* NSDateComponents+AllComponents.m in Sources */,
				3AABB6B11AC77CA4001BF8C5 /* NSCalendar+Components.m in Sources */,
				3AABB6B71AC77CA4001BF8C5 /* NSCalendar+Juncture.m in Sources */,
				3AABB6C51AC77CA4001BF8C5 /* UIView+AnimatedFrame.m in Sources */,
				3AABB6B91AC77CA4001BF8C5 /* NSCalendar+Ranges.m in Sources */,
				3AABB6B51AC77CA4001BF8C5 /* NSCalendar+DateManipulation.m in Sources */,
				3AABB6D71AC77CA4001BF8C5 /* CKCalendarViewControllerInternal.m in Sources */,
				3AABB6BB1AC77CA4001BF8C5 /* NSDate+Components.m in Sources */,
				3AABB6D11AC77CA4001BF8C5 /* CKTableViewCell.m in Sources */,
				3AABB6BD1AC77CA4001BF8C5 /* NSDate+Description.m in Sources */,
				3AABB6C11AC77CA4001BF8C5 /* NSString+Color.m in Sources */,
				3AABB6CF1AC77CA4001BF8C5 /* CKCalendarView.m in Sources */,
				3AABB6CB1AC77CA4001BF8C5 /* CKCalendarEvent.m in Sources */,
				3AABB6C91AC77CA4001BF8C5 /* CKCalendarCell.m in Sources */,
				3AABB6C31AC77CA4001BF8C5 /* UIColor+HexString.m in Sources */,
				3AABB6B31AC77CA4001BF8C5 /* NSCalendar+DateComparison.m in Sources */,
				3AABB6D31AC77CA4001BF8C5 /* MBPolygonView.m in Sources */,
				3AABB6CD1AC77CA4001BF8C5 /* CKCalendarHeaderView.m in Sources */,
				3AABB53A1AC75D40001BF8C5 /* workoutTests.m in Sources */,
				3AABB6C71AC77CA4001BF8C5 /* UIView+Border.m in Sources */,
			);
			runOnlyForDeploymentPostprocessing = 0;
		};
/* End PBXSourcesBuildPhase section */

/* Begin PBXTargetDependency section */
		3AABB5321AC75D40001BF8C5 /* PBXTargetDependency */ = {
			isa = PBXTargetDependency;
			target = 3AABB5041AC75D40001BF8C5 /* workout */;
			targetProxy = 3AABB5311AC75D40001BF8C5 /* PBXContainerItemProxy */;
		};
/* End PBXTargetDependency section */

/* Begin PBXVariantGroup section */
		3AABB5111AC75D40001BF8C5 /* InfoPlist.strings */ = {
			isa = PBXVariantGroup;
			children = (
				3AABB5121AC75D40001BF8C5 /* en */,
			);
			name = InfoPlist.strings;
			sourceTree = "<group>";
		};
		3AABB51A1AC75D40001BF8C5 /* Main_iPhone.storyboard */ = {
			isa = PBXVariantGroup;
			children = (
				3AABB51B1AC75D40001BF8C5 /* Base */,
			);
			name = Main_iPhone.storyboard;
			sourceTree = "<group>";
		};
		3AABB51D1AC75D40001BF8C5 /* Main_iPad.storyboard */ = {
			isa = PBXVariantGroup;
			children = (
				3AABB51E1AC75D40001BF8C5 /* Base */,
			);
			name = Main_iPad.storyboard;
			sourceTree = "<group>";
		};
		3AABB5361AC75D40001BF8C5 /* InfoPlist.strings */ = {
			isa = PBXVariantGroup;
			children = (
				3AABB5371AC75D40001BF8C5 /* en */,
			);
			name = InfoPlist.strings;
			sourceTree = "<group>";
		};
/* End PBXVariantGroup section */

/* Begin XCBuildConfiguration section */
		3AABB53B1AC75D40001BF8C5 /* Debug */ = {
			isa = XCBuildConfiguration;
			buildSettings = {
				ALWAYS_SEARCH_USER_PATHS = NO;
				CLANG_CXX_LANGUAGE_STANDARD = "gnu++0x";
				CLANG_CXX_LIBRARY = "libc++";
				CLANG_ENABLE_MODULES = YES;
				CLANG_ENABLE_OBJC_ARC = YES;
				CLANG_WARN_BOOL_CONVERSION = YES;
				CLANG_WARN_CONSTANT_CONVERSION = YES;
				CLANG_WARN_DIRECT_OBJC_ISA_USAGE = YES_ERROR;
				CLANG_WARN_EMPTY_BODY = YES;
				CLANG_WARN_ENUM_CONVERSION = YES;
				CLANG_WARN_INT_CONVERSION = YES;
				CLANG_WARN_OBJC_ROOT_CLASS = YES_ERROR;
				CLANG_WARN__DUPLICATE_METHOD_MATCH = YES;
				"CODE_SIGN_IDENTITY[sdk=iphoneos*]" = "iPhone Developer";
				COPY_PHASE_STRIP = NO;
				GCC_C_LANGUAGE_STANDARD = gnu99;
				GCC_DYNAMIC_NO_PIC = NO;
				GCC_OPTIMIZATION_LEVEL = 0;
				GCC_PREPROCESSOR_DEFINITIONS = (
					"DEBUG=1",
					"$(inherited)",
				);
				GCC_SYMBOLS_PRIVATE_EXTERN = NO;
				GCC_WARN_64_TO_32_BIT_CONVERSION = YES;
				GCC_WARN_ABOUT_RETURN_TYPE = YES_ERROR;
				GCC_WARN_UNDECLARED_SELECTOR = YES;
				GCC_WARN_UNINITIALIZED_AUTOS = YES_AGGRESSIVE;
				GCC_WARN_UNUSED_FUNCTION = YES;
				GCC_WARN_UNUSED_VARIABLE = YES;
				IPHONEOS_DEPLOYMENT_TARGET = 7.1;
				ONLY_ACTIVE_ARCH = YES;
				SDKROOT = iphoneos;
				TARGETED_DEVICE_FAMILY = "1,2";
			};
			name = Debug;
		};
		3AABB53C1AC75D40001BF8C5 /* Release */ = {
			isa = XCBuildConfiguration;
			buildSettings = {
				ALWAYS_SEARCH_USER_PATHS = NO;
				CLANG_CXX_LANGUAGE_STANDARD = "gnu++0x";
				CLANG_CXX_LIBRARY = "libc++";
				CLANG_ENABLE_MODULES = YES;
				CLANG_ENABLE_OBJC_ARC = YES;
				CLANG_WARN_BOOL_CONVERSION = YES;
				CLANG_WARN_CONSTANT_CONVERSION = YES;
				CLANG_WARN_DIRECT_OBJC_ISA_USAGE = YES_ERROR;
				CLANG_WARN_EMPTY_BODY = YES;
				CLANG_WARN_ENUM_CONVERSION = YES;
				CLANG_WARN_INT_CONVERSION = YES;
				CLANG_WARN_OBJC_ROOT_CLASS = YES_ERROR;
				CLANG_WARN__DUPLICATE_METHOD_MATCH = YES;
				"CODE_SIGN_IDENTITY[sdk=iphoneos*]" = "iPhone Developer";
				COPY_PHASE_STRIP = YES;
				ENABLE_NS_ASSERTIONS = NO;
				GCC_C_LANGUAGE_STANDARD = gnu99;
				GCC_WARN_64_TO_32_BIT_CONVERSION = YES;
				GCC_WARN_ABOUT_RETURN_TYPE = YES_ERROR;
				GCC_WARN_UNDECLARED_SELECTOR = YES;
				GCC_WARN_UNINITIALIZED_AUTOS = YES_AGGRESSIVE;
				GCC_WARN_UNUSED_FUNCTION = YES;
				GCC_WARN_UNUSED_VARIABLE = YES;
				IPHONEOS_DEPLOYMENT_TARGET = 7.1;
				SDKROOT = iphoneos;
				TARGETED_DEVICE_FAMILY = "1,2";
				VALIDATE_PRODUCT = YES;
			};
			name = Release;
		};
		3AABB53E1AC75D40001BF8C5 /* Debug */ = {
			isa = XCBuildConfiguration;
			buildSettings = {
				ASSETCATALOG_COMPILER_APPICON_NAME = AppIcon;
				ASSETCATALOG_COMPILER_LAUNCHIMAGE_NAME = LaunchImage;
				FRAMEWORK_SEARCH_PATHS = (
					"$(inherited)",
					"$(DEVELOPER_FRAMEWORKS_DIR)",
				);
				GCC_PRECOMPILE_PREFIX_HEADER = YES;
				GCC_PREFIX_HEADER = "workout/workout-Prefix.pch";
				INFOPLIST_FILE = "workout/workout-Info.plist";
				PRODUCT_NAME = "$(TARGET_NAME)";
				WRAPPER_EXTENSION = app;
			};
			name = Debug;
		};
		3AABB53F1AC75D40001BF8C5 /* Release */ = {
			isa = XCBuildConfiguration;
			buildSettings = {
				ASSETCATALOG_COMPILER_APPICON_NAME = AppIcon;
				ASSETCATALOG_COMPILER_LAUNCHIMAGE_NAME = LaunchImage;
				FRAMEWORK_SEARCH_PATHS = (
					"$(inherited)",
					"$(DEVELOPER_FRAMEWORKS_DIR)",
				);
				GCC_PRECOMPILE_PREFIX_HEADER = YES;
				GCC_PREFIX_HEADER = "workout/workout-Prefix.pch";
				INFOPLIST_FILE = "workout/workout-Info.plist";
				PRODUCT_NAME = "$(TARGET_NAME)";
				WRAPPER_EXTENSION = app;
			};
			name = Release;
		};
		3AABB5411AC75D40001BF8C5 /* Debug */ = {
			isa = XCBuildConfiguration;
			buildSettings = {
				BUNDLE_LOADER = "$(BUILT_PRODUCTS_DIR)/workout.app/workout";
				FRAMEWORK_SEARCH_PATHS = (
					"$(SDKROOT)/Developer/Library/Frameworks",
					"$(inherited)",
					"$(DEVELOPER_FRAMEWORKS_DIR)",
				);
				GCC_PRECOMPILE_PREFIX_HEADER = YES;
				GCC_PREFIX_HEADER = "workout/workout-Prefix.pch";
				GCC_PREPROCESSOR_DEFINITIONS = (
					"DEBUG=1",
					"$(inherited)",
				);
				INFOPLIST_FILE = "workoutTests/workoutTests-Info.plist";
				PRODUCT_NAME = "$(TARGET_NAME)";
				TEST_HOST = "$(BUNDLE_LOADER)";
				WRAPPER_EXTENSION = xctest;
			};
			name = Debug;
		};
		3AABB5421AC75D40001BF8C5 /* Release */ = {
			isa = XCBuildConfiguration;
			buildSettings = {
				BUNDLE_LOADER = "$(BUILT_PRODUCTS_DIR)/workout.app/workout";
				FRAMEWORK_SEARCH_PATHS = (
					"$(SDKROOT)/Developer/Library/Frameworks",
					"$(inherited)",
					"$(DEVELOPER_FRAMEWORKS_DIR)",
				);
				GCC_PRECOMPILE_PREFIX_HEADER = YES;
				GCC_PREFIX_HEADER = "workout/workout-Prefix.pch";
				INFOPLIST_FILE = "workoutTests/workoutTests-Info.plist";
				PRODUCT_NAME = "$(TARGET_NAME)";
				TEST_HOST = "$(BUNDLE_LOADER)";
				WRAPPER_EXTENSION = xctest;
			};
			name = Release;
		};
/* End XCBuildConfiguration section */

/* Begin XCConfigurationList section */
		3AABB5001AC75D40001BF8C5 /* Build configuration list for PBXProject "workout" */ = {
			isa = XCConfigurationList;
			buildConfigurations = (
				3AABB53B1AC75D40001BF8C5 /* Debug */,
				3AABB53C1AC75D40001BF8C5 /* Release */,
			);
			defaultConfigurationIsVisible = 0;
			defaultConfigurationName = Release;
		};
		3AABB53D1AC75D40001BF8C5 /* Build configuration list for PBXNativeTarget "workout" */ = {
			isa = XCConfigurationList;
			buildConfigurations = (
				3AABB53E1AC75D40001BF8C5 /* Debug */,
				3AABB53F1AC75D40001BF8C5 /* Release */,
			);
			defaultConfigurationIsVisible = 0;
			defaultConfigurationName = Release;
		};
		3AABB5401AC75D40001BF8C5 /* Build configuration list for PBXNativeTarget "workoutTests" */ = {
			isa = XCConfigurationList;
			buildConfigurations = (
				3AABB5411AC75D40001BF8C5 /* Debug */,
				3AABB5421AC75D40001BF8C5 /* Release */,
			);
			defaultConfigurationIsVisible = 0;
			defaultConfigurationName = Release;
		};
/* End XCConfigurationList section */

/* Begin XCVersionGroup section */
		3A9B07BF1ACB67C7007DC9C0 /* Model.xcdatamodeld */ = {
			isa = XCVersionGroup;
			children = (
				3A9B07C01ACB67C7007DC9C0 /* Model.xcdatamodel */,
			);
			currentVersion = 3A9B07C01ACB67C7007DC9C0 /* Model.xcdatamodel */;
			path = Model.xcdatamodeld;
			sourceTree = "<group>";
			versionGroupType = wrapper.xcdatamodel;
		};
/* End XCVersionGroup section */
	};
	rootObject = 3AABB4FD1AC75D40001BF8C5 /* Project object */;
}
